// !$*UTF8*$!
{
	archiveVersion = 1;
	classes = {
	};
	objectVersion = 77;
	objects = {

/* Begin PBXBuildFile section */
		6CBFC352CB4944B99A63E751 /* EventBasicDetailsViewController.swift in Sources */ = {isa = PBXBuildFile; fileRef = 39B735294F22441D9A8076F2 /* EventBasicDetailsViewController.swift */; };
		57DDC31ED8464B088F997D5E /* EventPresetSelectionViewController.swift in Sources */ = {isa = PBXBuildFile; fileRef = 8B376466E0D94E2CA3AA2B14 /* EventPresetSelectionViewController.swift */; };
		60DD21352DBC4AA4BB53FB48 /* ProfileSectionView.swift in Sources */ = {isa = PBXBuildFile; fileRef = 56F29BF9031E424BBD815991 /* ProfileSectionView.swift */; };
		CAA9BC963B524E5292D835C5 /* CaptainAnnouncementViewController.swift in Sources */ = {isa = PBXBuildFile; fileRef = 17E1B72C748F46399EF77F75 /* CaptainAnnouncementViewController.swift */; };
		8C54414742BB4AD0B13001E9 /* LeagueCreationWizardViewController.swift in Sources */ = {isa = PBXBuildFile; fileRef = 92BDC25130B144E7AC89C3BC /* LeagueCreationWizardViewController.swift */; };
		0A4F1922F39242A1B2734171 /* LeagueReviewStepViewController.swift in Sources */ = {isa = PBXBuildFile; fileRef = 5286EB1B2F154BBB9DE78EDF /* LeagueReviewStepViewController.swift */; };
		4361B0944A0141D39884BA45 /* LeagueSettingsStepViewController.swift in Sources */ = {isa = PBXBuildFile; fileRef = AAE9B3412A354F6DBBD2BE18 /* LeagueSettingsStepViewController.swift */; };
		F3825EA8512C4339BD6F1261 /* CaptainAnnouncementService.swift in Sources */ = {isa = PBXBuildFile; fileRef = BC83BCED92C64B638D5DD8A9 /* CaptainAnnouncementService.swift */; };
		35D13F552C96467B9DB9FE44 /* ImageCacheService.swift in Sources */ = {isa = PBXBuildFile; fileRef = 9E4D621366A542BDB25BAA6C /* ImageCacheService.swift */; };
		037B1A7AA126425B9E14040C /* LeagueSchedulerService.swift in Sources */ = {isa = PBXBuildFile; fileRef = 7C8B33DF9DD448BF9EB82631 /* LeagueSchedulerService.swift */; };
		2738D480759D460F99A86485 /* Nostr1301Service.swift in Sources */ = {isa = PBXBuildFile; fileRef = 15B43CE3E4E044439F48D848 /* Nostr1301Service.swift */; };
		486D91E00F7E452EB0EB8A05 /* NostrAuthenticationService.swift in Sources */ = {isa = PBXBuildFile; fileRef = E2C39BA109F94A89AECAF74F /* NostrAuthenticationService.swift */; };
		C41C6B39BC0942E9981EB1A2 /* NostrKeyManager.swift in Sources */ = {isa = PBXBuildFile; fileRef = 67EBE4D4D7FC48FDA4958C7B /* NostrKeyManager.swift */; };
		9013D237E60D4051B44C443F /* NostrProfileService.swift in Sources */ = {isa = PBXBuildFile; fileRef = 787E9B5F8E4A439B82561471 /* NostrProfileService.swift */; };
		7B4E418D28F74380B1E18446 /* NostrRelayManager.swift in Sources */ = {isa = PBXBuildFile; fileRef = 8DB43D2320CB4006AA2F82F9 /* NostrRelayManager.swift */; };
		703D82F925EE4365BF1D38C6 /* NostrSDKBridge.swift in Sources */ = {isa = PBXBuildFile; fileRef = 1B15B55AFB0B451682E35E9E /* NostrSDKBridge.swift */; };
		CD2777C803614529B94FE4FE /* NostrWorkoutService.swift in Sources */ = {isa = PBXBuildFile; fileRef = AEF239F26E0F46DEBE318FE2 /* NostrWorkoutService.swift */; };
		E28330FE75B34A3EBD79CB4C /* WorkoutDeduplicationService.swift in Sources */ = {isa = PBXBuildFile; fileRef = 5A85FEEE9B2C4FA7BFEA7F9B /* WorkoutDeduplicationService.swift */; };
		11223344556677889900AABBCCDDEEFF0 /* EarningsViewController.swift in Sources */ = {isa = PBXBuildFile; fileRef = FFEEDDCCBBAA99887766554433221100 /* EarningsViewController.swift */; };
		2117F3C2A3FC48ECBAB89A381C1E90F6 /* TeamDetailViewController.swift in Sources */ = {isa = PBXBuildFile; fileRef = 00659AAD7E444446B1DB9B539DE9216A /* TeamDetailViewController.swift */; };
		E3CD46934CE24A40AD2A18E9D61342F3 /* TeamWalletViewController.swift in Sources */ = {isa = PBXBuildFile; fileRef = 52A1140CF0274EA9BA319D216A03F263 /* TeamWalletViewController.swift */; };
		22334455667788990AABBCCDDEEFF001 /* WalletBalanceView.swift in Sources */ = {isa = PBXBuildFile; fileRef = 0011FFEEDDCCBBAA998877665544332 /* WalletBalanceView.swift */; };
		30721DCD95874D4C90D52A769E787456 /* TeamDetailHeaderView.swift in Sources */ = {isa = PBXBuildFile; fileRef = 5CD455CE98D440A6BEFF739E6453EF03 /* TeamDetailHeaderView.swift */; };
		334455667788990AABBCCDDEEFF0011 /* WalletActionButton.swift in Sources */ = {isa = PBXBuildFile; fileRef = 11002FFEEDDCCBBAA9988776655443 /* WalletActionButton.swift */; };
		3D4A1B8D2C5F7A8E00F3E2B3 /* AppDelegate.swift in Sources */ = {isa = PBXBuildFile; fileRef = 3D4A1B8C2C5F7A8E00F3E2B3 /* AppDelegate.swift */; };
		3D4A1B8F2C5F7A8E00F3E2B3 /* ViewController.swift in Sources */ = {isa = PBXBuildFile; fileRef = 3D4A1B8E2C5F7A8E00F3E2B3 /* ViewController.swift */; };
		3D4A1B942C5F7A8F00F3E2B3 /* Assets.xcassets in Resources */ = {isa = PBXBuildFile; fileRef = 3D4A1B932C5F7A8F00F3E2B3 /* Assets.xcassets */; };
		3D4A1B972C5F7A8F00F3E2B3 /* LaunchScreen.storyboard in Resources */ = {isa = PBXBuildFile; fileRef = 3D4A1B952C5F7A8F00F3E2B3 /* LaunchScreen.storyboard */; };
		3D4A1B9F2C5F7AB900F3E2B3 /* DesignSystem.swift in Sources */ = {isa = PBXBuildFile; fileRef = 3D4A1B9E2C5F7AB900F3E2B3 /* DesignSystem.swift */; };
		ICON1234567890ABCDEF1234567890AB /* IconGenerator.swift in Sources */ = {isa = PBXBuildFile; fileRef = ICONABCDEF1234567890ABCDEF123456 /* IconGenerator.swift */; };
		3D4A1BA12C5F7AC500F3E2B3 /* NavigationCard.swift in Sources */ = {isa = PBXBuildFile; fileRef = 3D4A1BA02C5F7AC500F3E2B3 /* NavigationCard.swift */; };
		74B7CE931B24466CB71BFCAC /* LotteryComingSoonViewController.swift in Sources */ = {isa = PBXBuildFile; fileRef = 3CEACD8F31B34BB5869F66B4 /* LotteryComingSoonViewController.swift */; };
		3D4A1BA32C5F7AD100F3E2B3 /* StatItem.swift in Sources */ = {isa = PBXBuildFile; fileRef = 3D4A1BA22C5F7AD100F3E2B3 /* StatItem.swift */; };
		3D4A1BA52C5F7ADE00F3E2B3 /* IndustrialBackgroundViews.swift in Sources */ = {isa = PBXBuildFile; fileRef = 3D4A1BA42C5F7ADE00F3E2B3 /* IndustrialBackgroundViews.swift */; };
		3D4A1BA72C5F7B1000F3E2B3 /* TeamsViewController.swift in Sources */ = {isa = PBXBuildFile; fileRef = 3D4A1BA62C5F7B1000F3E2B3 /* TeamsViewController.swift */; };
		3D4A1BA92C5F7B1A00F3E2B3 /* TeamCard.swift in Sources */ = {isa = PBXBuildFile; fileRef = 3D4A1BA82C5F7B1A00F3E2B3 /* TeamCard.swift */; };
		F2D37378CCBB4F128AD7799A6BBAFC13 /* HealthKitPermissionViewController.swift in Sources */ = {isa = PBXBuildFile; fileRef = CFC6CE1B412246E8BE03AFEB2AE779C5 /* HealthKitPermissionViewController.swift */; };
		C513601B8BFA4EF3A61F2416121A420F /* OnboardingViewController.swift in Sources */ = {isa = PBXBuildFile; fileRef = 3988763FF59740C389FD60F344B6D5DC /* OnboardingViewController.swift */; };
		E7EF5ADCEF21404E9BE60F135E80F95A /* UserProfileSetupViewController.swift in Sources */ = {isa = PBXBuildFile; fileRef = 50469A2F5A704CAD92C1B6F2EB3E02AB /* UserProfileSetupViewController.swift */; };
		0CDFE0BA1D77489EBA21253C379223F8 /* SettingsViewController.swift in Sources */ = {isa = PBXBuildFile; fileRef = 277701975FC24F4E87A21FBB62920F67 /* SettingsViewController.swift */; };
		0FC34FA12F8C426ABCDB08BC43A4101A /* PaymentSheetViewController.swift in Sources */ = {isa = PBXBuildFile; fileRef = 8091CBE0E3E94A93838B1AC46AAD63F9 /* PaymentSheetViewController.swift */; };
		D8A3F2B34E8946C191FD2AC47BB32F8A /* QRCodeDisplayViewController.swift in Sources */ = {isa = PBXBuildFile; fileRef = F1C82BE49A6D4F2B9C7E3DA58FB14E09 /* QRCodeDisplayViewController.swift */; };
		380F099FF1C945ED869B55607DEB22A9 /* TeamSubscriptionStatusView.swift in Sources */ = {isa = PBXBuildFile; fileRef = EE73978B5D414279BCEB2A1430FF657B /* TeamSubscriptionStatusView.swift */; };
		CA98EED183AC48C8A1CA751E1EC677C9 /* NotificationPermissionViewController.swift in Sources */ = {isa = PBXBuildFile; fileRef = CBD32F90C3A049B1919D788C181C1EF5 /* NotificationPermissionViewController.swift */; };
		29FDEE5098FF427BB69D9648A0797E89 /* NotificationService.swift in Sources */ = {isa = PBXBuildFile; fileRef = A56E5477F5A54399A8C741E91A3D9EE7 /* NotificationService.swift */; };
		424939540FA242208280E808FB11D618 /* EventCard.swift in Sources */ = {isa = PBXBuildFile; fileRef = 382EA177BF544287894A2965A64DBEBA /* EventCard.swift */; };
		4455667788990AABBCCDDEEFF001122 /* TransactionCard.swift in Sources */ = {isa = PBXBuildFile; fileRef = 221100FFEEDDCCBBAA99887766554 /* TransactionCard.swift */; };
		480C497EFA494A81B1628DF3EB7DDAD8 /* MessageView.swift in Sources */ = {isa = PBXBuildFile; fileRef = E2B60D5CE514427DA660A3D66F3DCF04 /* MessageView.swift */; };
		55667788990AABBCCDDEEFF00112233 /* TransactionHistoryView.swift in Sources */ = {isa = PBXBuildFile; fileRef = 332211FFEEDDCCBBAA9988776655 /* TransactionHistoryView.swift */; };
		667788990AABBCCDDEEFF0011223344 /* EarningsHeaderView.swift in Sources */ = {isa = PBXBuildFile; fileRef = 4433221FFEEDDCCBBAA998877665 /* EarningsHeaderView.swift */; };
		7788990AABBCCDDEEFF001122334455 /* WorkoutsViewController.swift in Sources */ = {isa = PBXBuildFile; fileRef = 55443322FFEEDDCCBBAA99887766 /* WorkoutsViewController.swift */; };
		8899AABBCCDDEEFF00112233445566 /* WorkoutTabNavigationView.swift in Sources */ = {isa = PBXBuildFile; fileRef = 6655443FFEEDDCCBBAA998877667 /* WorkoutTabNavigationView.swift */; };
		99AABBCCDDEEFF0011223344556677 /* WorkoutCard.swift in Sources */ = {isa = PBXBuildFile; fileRef = 77665544FFEEDDCCBBAA99887766 /* WorkoutCard.swift */; };
		AABB11223344556677889900AABBCCDD /* TeamDetailTabNavigation.swift in Sources */ = {isa = PBXBuildFile; fileRef = DDEEFF00112233445566778899AABBCC /* TeamDetailTabNavigation.swift */; };
		AABBCCDDEEFF001122334455667788 /* WorkoutSyncSourceCard.swift in Sources */ = {isa = PBXBuildFile; fileRef = 88776655FFEEDDCCBBAA99887765 /* WorkoutSyncSourceCard.swift */; };
		BBCCDDEEFF00112233445566778899 /* WorkoutSyncView.swift in Sources */ = {isa = PBXBuildFile; fileRef = 99887766FFEEDDCCBBAA99887764 /* WorkoutSyncView.swift */; };
		CCDDEEFF0011223344556677889900 /* WorkoutStatsView.swift in Sources */ = {isa = PBXBuildFile; fileRef = AABBCCDDEEFF001122334455663 /* WorkoutStatsView.swift */; };
		CCFF508128234567B7DF292F3B2DDC10 /* MessageInputView.swift in Sources */ = {isa = PBXBuildFile; fileRef = 25CD67441C2849C092B9FF72E3D013BA /* MessageInputView.swift */; };
		PROFILE001122334455667788990ABB /* ProfileViewController.swift in Sources */ = {isa = PBXBuildFile; fileRef = PROFILE1FEEDDCCBBAA99887766554433 /* ProfileViewController.swift */; };
		PROFILE112233445566778899AABBCC /* ProfileHeaderView.swift in Sources */ = {isa = PBXBuildFile; fileRef = PROFILE2EEDDCCBBAA99887766554433 /* ProfileHeaderView.swift */; };
		PROFILE223344556677889900AABBCC /* ProfileTabNavigationView.swift in Sources */ = {isa = PBXBuildFile; fileRef = PROFILE3EDDCCBBAA99887766554433 /* ProfileTabNavigationView.swift */; };
		PROFILE334455667788990AABBCCDDE /* ProfileWorkoutsTabView.swift in Sources */ = {isa = PBXBuildFile; fileRef = PROFILE4DDCCBBAA99887766554433 /* ProfileWorkoutsTabView.swift */; };
		PROFILE445566778899AABBCCDDEEF /* ProfileAccountTabView.swift in Sources */ = {isa = PBXBuildFile; fileRef = PROFILE5DCCBBAA99887766554433 /* ProfileAccountTabView.swift */; };
		PROFILE55667788990AABBCCDDEEFF /* ProfileSyncSourcesView.swift in Sources */ = {isa = PBXBuildFile; fileRef = PROFILE6CCBBAA99887766554433 /* ProfileSyncSourcesView.swift */; };
		PROFILE6677889900AABBCCDDEEFF0 /* ProfileWorkoutHistoryView.swift in Sources */ = {isa = PBXBuildFile; fileRef = PROFILE7CBBAA99887766554433 /* ProfileWorkoutHistoryView.swift */; };
		PROFILE77889900AABBCCDDEEFF001 /* ProfileSubscriptionView.swift in Sources */ = {isa = PBXBuildFile; fileRef = PROFILE8BBAA99887766554433 /* ProfileSubscriptionView.swift */; };
		PROFILE8899AABBCCDDEEFF0011223 /* ProfileSupportView.swift in Sources */ = {isa = PBXBuildFile; fileRef = PROFILE9BAA99887766554433 /* ProfileSupportView.swift */; };
		PROFILE99AABBCCDDEEFF00112233 /* EditProfileViewController.swift in Sources */ = {isa = PBXBuildFile; fileRef = PROFILEAAA99887766554433 /* EditProfileViewController.swift */; };
		CFF490A67D8A4DDEA14E79F24C6BBBD6 /* TeamDetailAboutSection.swift in Sources */ = {isa = PBXBuildFile; fileRef = 8579AB0D8AC14317BA37877636217187 /* TeamDetailAboutSection.swift */; };
		COMP1122334455667788990011AABBCC /* CompetitionsViewController.swift in Sources */ = {isa = PBXBuildFile; fileRef = COMP1111222233334444555566667777 /* CompetitionsViewController.swift */; };
		MEMB1122334455667788990011AABBCC /* TeamMembersListView.swift in Sources */ = {isa = PBXBuildFile; fileRef = MEMB1111222233334444555566667777 /* TeamMembersListView.swift */; };
		ACTV1122334455667788990011AABBCC /* TeamActivityFeedView.swift in Sources */ = {isa = PBXBuildFile; fileRef = ACTV1111222233334444555566667777 /* TeamActivityFeedView.swift */; };
		COMP2233445566778899AABBCCDDEE00 /* CompetitionTabNavigationView.swift in Sources */ = {isa = PBXBuildFile; fileRef = COMP2222333344445555666677778888 /* CompetitionTabNavigationView.swift */; };
		COMP334455667788990AABBCCDDEEFF /* LeagueView.swift in Sources */ = {isa = PBXBuildFile; fileRef = COMP3333444455556666777788889999 /* LeagueView.swift */; };
		COMP44556677889900AABBCCDDEEFF1 /* EventsView.swift in Sources */ = {isa = PBXBuildFile; fileRef = COMP4444555566667777888899990000 /* EventsView.swift */; };
		COMP5566778899AABBCCDDEEFF0011 /* LeaderboardItemView.swift in Sources */ = {isa = PBXBuildFile; fileRef = COMP5555666677778888999900001111 /* LeaderboardItemView.swift */; };
		COMP667788990AABBCCDDEEFF00112 /* StreakCardView.swift in Sources */ = {isa = PBXBuildFile; fileRef = COMP6666777788889999000011112222 /* StreakCardView.swift */; };
		COMP7788990AABBCCDDEEFF0011223 /* EventCardView.swift in Sources */ = {isa = PBXBuildFile; fileRef = COMP7777888899990000111122223333 /* EventCardView.swift */; };
		D613E78D324148849B773D801477004E /* SupabaseService.swift in Sources */ = {isa = PBXBuildFile; fileRef = A7FEA8665C6A4B22986DA6438533D80C /* SupabaseService.swift */; };
		C6AA161B00864A709A90C2A82910D3DD /* AuthDataService.swift in Sources */ = {isa = PBXBuildFile; fileRef = 36BCD51F8F4D4232AB2F2E1D6527B57E /* AuthDataService.swift */; };
		B3889174-2CA8-42ED-A5A5-40C10577FA06 /* WorkoutDataService.swift in Sources */ = {isa = PBXBuildFile; fileRef = 5DB6D835-BA20-4DEC-A94B-CF02B95476A2 /* WorkoutDataService.swift */; };
		E39BB939-EFB4-4A17-9421-10CE2D43E4EE /* CompetitionDataService.swift in Sources */ = {isa = PBXBuildFile; fileRef = 6B807CFA-B685-4049-8B87-E722FECB863E /* CompetitionDataService.swift */; };
		57A38C02-A0CF-4C37-94B3-1AB20BF2C523 /* TransactionDataService.swift in Sources */ = {isa = PBXBuildFile; fileRef = 739341BA-43E6-4EF0-AA07-F7BAE94335EF /* TransactionDataService.swift */; };
		D444523B-3161-40AD-88B2-0606F573CA33 /* TeamDataService.swift in Sources */ = {isa = PBXBuildFile; fileRef = 78EF85D8-35D1-415A-9126-31F4A89175F9 /* TeamDataService.swift */; };
		REWARD123456789ABCDEF0011223344 /* WorkoutRewardCalculator.swift in Sources */ = {isa = PBXBuildFile; fileRef = CALCULATOR1234567890ABCDEF001122 /* WorkoutRewardCalculator.swift */; };
		F274E58B8DB14A08BD0C0B0C7DD64028 /* AuthenticationService.swift in Sources */ = {isa = PBXBuildFile; fileRef = 97AB43EEA3C94433A902E73BD93537EC /* AuthenticationService.swift */; };
		COIN123456789ABCDEF01234567890AB /* CoinOSService.swift in Sources */ = {isa = PBXBuildFile; fileRef = COINABCDEF123456789ABCDEF12345678 /* CoinOSService.swift */; };
		LIGHT123456789ABCDEF01234567890B /* LightningWalletManager.swift in Sources */ = {isa = PBXBuildFile; fileRef = LIGHTABCDEF123456789ABCDEF123456 /* LightningWalletManager.swift */; };
		332404E503B442D6AB8B77067842ADCB /* KeychainService.swift in Sources */ = {isa = PBXBuildFile; fileRef = 99B4C1E5CC95463981F84EF706BAC273 /* KeychainService.swift */; };
		HEALTH123456789ABCDEF1234567890AB /* HealthKitService.swift in Sources */ = {isa = PBXBuildFile; fileRef = HEALTHABCDEF1234567890ABCDEF123456 /* HealthKitService.swift */; };
		ERROR123456789ABCDEF01234567890AB /* ErrorHandlingService.swift in Sources */ = {isa = PBXBuildFile; fileRef = ERRORABCDEF123456789ABCDEF123456 /* ErrorHandlingService.swift */; };
		NETWORK123456789ABCDEF0123456789AB /* NetworkMonitorService.swift in Sources */ = {isa = PBXBuildFile; fileRef = NETWORKABCDEF123456789ABCDEF12345 /* NetworkMonitorService.swift */; };
		OFFLINE123456789ABCDEF0123456789AB /* OfflineDataService.swift in Sources */ = {isa = PBXBuildFile; fileRef = OFFLINEABCDEF123456789ABCDEF12345 /* OfflineDataService.swift */; };
		E87FF620924C4D69A271F8ED9EDC6202 /* TeamDetailEventsViewController.swift in Sources */ = {isa = PBXBuildFile; fileRef = BCB683446B2F4C6397E096106C4813E9 /* TeamDetailEventsViewController.swift */; };
		EVENT4455667788990011223344556677 /* EventDetailViewController.swift in Sources */ = {isa = PBXBuildFile; fileRef = EVENT8899001122334455667788990011 /* EventDetailViewController.swift */; };
		CHAL5566778899001122334455667788 /* ChallengeDetailViewController.swift in Sources */ = {isa = PBXBuildFile; fileRef = CHAL9900112233445566778899001122 /* ChallengeDetailViewController.swift */; };
		EE2A80B3C0B7449CA243D4333061A535 /* ChallengeCard.swift in Sources */ = {isa = PBXBuildFile; fileRef = 5801F4E4750540CABC6C94EBB8DD0B79 /* ChallengeCard.swift */; };
		LOGIN123456789ABCDEF123456789012 /* LoginViewController.swift in Sources */ = {isa = PBXBuildFile; fileRef = LOGIN987654321FEDCBA987654321098 /* LoginViewController.swift */; };
		5861DDCB839345C4B8C2006539B6026F /* WalletSectionView.swift in Sources */ = {isa = PBXBuildFile; fileRef = 7854B1DC6BDB4917A72214527EBD300E /* WalletSectionView.swift */; };
		E868079477DB4136B5EB9FEFB508FBFB /* NotificationTogglesView.swift in Sources */ = {isa = PBXBuildFile; fileRef = B2B2C180E9B948489A2DCEBE598329E9 /* NotificationTogglesView.swift */; };
		WIZARD123456789ABCDEF012345678901 /* TeamCreationWizardViewController.swift in Sources */ = {isa = PBXBuildFile; fileRef = WIZARD987654321FEDCBA987654321012 /* TeamCreationWizardViewController.swift */; };
		BASIC123456789ABCDEF0123456789012 /* TeamBasicInfoStepViewController.swift in Sources */ = {isa = PBXBuildFile; fileRef = BASIC987654321FEDCBA9876543210123 /* TeamBasicInfoStepViewController.swift */; };
		METRIC123456789ABCDEF012345678901 /* TeamMetricSelectionStepViewController.swift in Sources */ = {isa = PBXBuildFile; fileRef = METRIC987654321FEDCBA987654321012 /* TeamMetricSelectionStepViewController.swift */; };
		LEADER123456789ABCDEF012345678901 /* TeamLeaderboardSetupStepViewController.swift in Sources */ = {isa = PBXBuildFile; fileRef = LEADER987654321FEDCBA987654321012 /* TeamLeaderboardSetupStepViewController.swift */; };
		REVIEW123456789ABCDEF012345678901 /* TeamReviewStepViewController.swift in Sources */ = {isa = PBXBuildFile; fileRef = REVIEW987654321FEDCBA987654321012 /* TeamReviewStepViewController.swift */; };
		LEAGUE123456789ABCDEF012345678901 /* TeamDetailLeagueViewController.swift in Sources */ = {isa = PBXBuildFile; fileRef = LEAGUE987654321FEDCBA987654321012 /* TeamDetailLeagueViewController.swift */; };
		SUBSCR123456789ABCDEF012345678901 /* SubscriptionService.swift in Sources */ = {isa = PBXBuildFile; fileRef = SUBSCR987654321FEDCBA987654321012 /* SubscriptionService.swift */; };
		EVENTS123456789ABCDEF012345678901 /* EventCreationWizardViewController.swift in Sources */ = {isa = PBXBuildFile; fileRef = EVENTS987654321FEDCBA987654321012 /* EventCreationWizardViewController.swift */; };
		EBASI123456789ABCDEF012345678901 /* EventBasicInfoStepViewController.swift in Sources */ = {isa = PBXBuildFile; fileRef = EBASI987654321FEDCBA987654321012 /* EventBasicInfoStepViewController.swift */; };
		EMETR123456789ABCDEF012345678901 /* EventMetricsStepViewController.swift in Sources */ = {isa = PBXBuildFile; fileRef = EMETR987654321FEDCBA987654321012 /* EventMetricsStepViewController.swift */; };
		ESCHE123456789ABCDEF012345678901 /* EventScheduleStepViewController.swift in Sources */ = {isa = PBXBuildFile; fileRef = ESCHE987654321FEDCBA987654321012 /* EventScheduleStepViewController.swift */; };
		EREVI123456789ABCDEF012345678901 /* EventReviewStepViewController.swift in Sources */ = {isa = PBXBuildFile; fileRef = EREVI987654321FEDCBA987654321012 /* EventReviewStepViewController.swift */; };
		EMGMT123456789ABCDEF012345678901 /* EventManagementDashboardViewController.swift in Sources */ = {isa = PBXBuildFile; fileRef = EMGMT987654321FEDCBA987654321012 /* EventManagementDashboardViewController.swift */; };
		ESTAT123456789ABCDEF012345678901 /* EventStatCard.swift in Sources */ = {isa = PBXBuildFile; fileRef = ESTAT987654321FEDCBA987654321012 /* EventStatCard.swift */; };
		ECELL123456789ABCDEF012345678901 /* EventManagementCell.swift in Sources */ = {isa = PBXBuildFile; fileRef = ECELL987654321FEDCBA987654321012 /* EventManagementCell.swift */; };
		CONNECTED987654321FEDCBA9876543210 /* ConnectedAppsViewController.swift in Sources */ = {isa = PBXBuildFile; fileRef = CONNECTED123456789ABCDEF1234567890 /* ConnectedAppsViewController.swift */; };
		PRIVACY987654321FEDCBA98765432101 /* PrivacySettingsViewController.swift in Sources */ = {isa = PBXBuildFile; fileRef = PRIVACY123456789ABCDEF12345678901 /* PrivacySettingsViewController.swift */; };
		HELP987654321FEDCBA987654321012 /* HelpSupportViewController.swift in Sources */ = {isa = PBXBuildFile; fileRef = HELP123456789ABCDEF123456789012 /* HelpSupportViewController.swift */; };
		WEB987654321FEDCBA9876543210123 /* WebViewController.swift in Sources */ = {isa = PBXBuildFile; fileRef = WEB123456789ABCDEF1234567890123 /* WebViewController.swift */; };
		BACKGROUND12345678901234567890123 /* BackgroundTaskManager.swift in Sources */ = {isa = PBXBuildFile; fileRef = BACKGROUNDABCDEF123456789012345678 /* BackgroundTaskManager.swift */; };
		6C3CD0FB6D32487196F886829229BEF3 /* AutoEntryService.swift in Sources */ = {isa = PBXBuildFile; fileRef = 6C3CD0FB6D32487196F886829229BEF2 /* AutoEntryService.swift */; };
		2150D462B5584B4C99B32078D12ED8A8 /* EventProgressTracker.swift in Sources */ = {isa = PBXBuildFile; fileRef = 2150D462B5584B4C99B32078D12ED8A7 /* EventProgressTracker.swift */; };
		86AA102591B44D0D986DFFC73F971789 /* RealtimeLeaderboardService.swift in Sources */ = {isa = PBXBuildFile; fileRef = 86AA102591B44D0D986DFFC73F971788 /* RealtimeLeaderboardService.swift */; };
		8F796D55CCA343A6AA5915AE331AC1C0 /* EventNotificationService.swift in Sources */ = {isa = PBXBuildFile; fileRef = 8F796D55CCA343A6AA5915AE331AC1BF /* EventNotificationService.swift */; };
		FCB896FA291D49A3B8153EDFCB2BEB9B /* TeamPrizeDistributionService.swift in Sources */ = {isa = PBXBuildFile; fileRef = FCB896FA291D49A3B8153EDFCB2BEB9A /* TeamPrizeDistributionService.swift */; };
		9BC13758727E4834996A1BB4609D8182 /* CompetitionIntegrationService.swift in Sources */ = {isa = PBXBuildFile; fileRef = 9BC13758727E4834996A1BB4609D8181 /* CompetitionIntegrationService.swift */; };
		6E935BC9E90A4A3EA3A2FBB32650EEB0 /* EventProgressView.swift in Sources */ = {isa = PBXBuildFile; fileRef = 6E935BC9E90A4A3EA3A2FBB32650EEA9 /* EventProgressView.swift */; };
		CEA52A786269446FB6E160F2B0A120D4 /* LiveLeaderboardView.swift in Sources */ = {isa = PBXBuildFile; fileRef = CEA52A786269446FB6E160F2B0A120D3 /* LiveLeaderboardView.swift */; };
		8AEC544C016E4F229FFDF6ADF3C6E286 /* PrizeDistributionViewController.swift in Sources */ = {isa = PBXBuildFile; fileRef = 8AEC544C016E4F229FFDF6ADF3C6E285 /* PrizeDistributionViewController.swift */; };
		93E5069335D94B0C8BCAF6C21F42FD35 /* PrizePoolTrackerView.swift in Sources */ = {isa = PBXBuildFile; fileRef = 93E5069335D94B0C8BCAF6C21F42FD34 /* PrizePoolTrackerView.swift */; };
		92E0D65D21C644E7979DFCE433686FF2 /* MemberPayoutHistoryViewController.swift in Sources */ = {isa = PBXBuildFile; fileRef = 92E0D65D21C644E7979DFCE433686FF1 /* MemberPayoutHistoryViewController.swift */; };
		WORKSYNCQUEUE123456789ABCDEF01234 /* WorkoutSyncQueue.swift in Sources */ = {isa = PBXBuildFile; fileRef = WORKSYNCQUEUEABCDEF123456789ABCDEF /* WorkoutSyncQueue.swift */; };
		ANTICHEAT123456789ABCDEF0123456789 /* AntiCheatService.swift in Sources */ = {isa = PBXBuildFile; fileRef = ANTICHEAT9ABCDEF123456789ABCDEF012 /* AntiCheatService.swift */; };
		EVENTCRIT123456789ABCDEF012345678 /* EventCriteriaEngine.swift in Sources */ = {isa = PBXBuildFile; fileRef = EVENTCRITABCDEF123456789ABCDEF1234 /* EventCriteriaEngine.swift */; };
		LEADERBOARD123456789ABCDEF0123456 /* LeaderboardTracker.swift in Sources */ = {isa = PBXBuildFile; fileRef = LEADERBOARDABCDEF123456789ABCDEF12 /* LeaderboardTracker.swift */; };
		NOTIFICATIONINTEL123456789ABCDEF01 /* NotificationIntelligence.swift in Sources */ = {isa = PBXBuildFile; fileRef = NOTIFICATIONINTELABCDEF123456789A /* NotificationIntelligence.swift */; };
		C75521C627A54C32BB23F04747C93904 /* TeamWalletManager.swift in Sources */ = {isa = PBXBuildFile; fileRef = 2D1C429144B94E6C8D4033C9820099DF /* TeamWalletManager.swift */; };
		DE42FDED15D942AD9989C6FADB52EEEC /* TeamWalletAccessController.swift in Sources */ = {isa = PBXBuildFile; fileRef = B493D1F9F45E49D19563503FA6B517A8 /* TeamWalletAccessController.swift */; };
		9142EE11903943E194EDFE7B90263D59 /* TeamWalletBalanceView.swift in Sources */ = {isa = PBXBuildFile; fileRef = CC4FF82330A24A959EBD2C8C2B1E6E55 /* TeamWalletBalanceView.swift */; };
		AB7C74C0F5414E4C8F3C9DF8BFF84B5C /* TeamWalletFundingViewController.swift in Sources */ = {isa = PBXBuildFile; fileRef = F08D7F38987A496B9E9ED7591DDA5299 /* TeamWalletFundingViewController.swift */; };
		548C2EA6-B7EC-41AC-B7E5-BEA6B656D7C6 /* P2PChallengeService.swift in Sources */ = {isa = PBXBuildFile; fileRef = E7A2F1B8-9C5D-4E76-8A31-2B4C5F6A7E8D /* P2PChallengeService.swift */; };
		15CD1DEA-4827-4E42-9628-A0BD63200534 /* CreateChallengeViewController.swift in Sources */ = {isa = PBXBuildFile; fileRef = 3F8E9B7A-6D2C-4A1B-9E8F-7C5A4B3D2E1F /* CreateChallengeViewController.swift */; };
		257CC308-C810-489B-9FD9-42E9951E0DA0 /* P2PChallengeCard.swift in Sources */ = {isa = PBXBuildFile; fileRef = 1A7F8E5B-4C9D-3E2A-8B6F-9D1C2A3B4E5F /* P2PChallengeCard.swift */; };
/* End PBXBuildFile section */

/* Begin PBXFileReference section */
		39B735294F22441D9A8076F2 /* EventBasicDetailsViewController.swift */ = {isa = PBXFileReference; lastKnownFileType = sourcecode.swift; path = Features/Events/EventBasicDetailsViewController.swift; sourceTree = "<group>"; };
		8B376466E0D94E2CA3AA2B14 /* EventPresetSelectionViewController.swift */ = {isa = PBXFileReference; lastKnownFileType = sourcecode.swift; path = Features/Events/EventPresetSelectionViewController.swift; sourceTree = "<group>"; };
		56F29BF9031E424BBD815991 /* ProfileSectionView.swift */ = {isa = PBXFileReference; lastKnownFileType = sourcecode.swift; path = Features/Profile/ProfileSectionView.swift; sourceTree = "<group>"; };
		17E1B72C748F46399EF77F75 /* CaptainAnnouncementViewController.swift */ = {isa = PBXFileReference; lastKnownFileType = sourcecode.swift; path = Features/Teams/CaptainAnnouncementViewController.swift; sourceTree = "<group>"; };
		92BDC25130B144E7AC89C3BC /* LeagueCreationWizardViewController.swift */ = {isa = PBXFileReference; lastKnownFileType = sourcecode.swift; path = Features/Teams/LeagueCreationWizardViewController.swift; sourceTree = "<group>"; };
		5286EB1B2F154BBB9DE78EDF /* LeagueReviewStepViewController.swift */ = {isa = PBXFileReference; lastKnownFileType = sourcecode.swift; path = Features/Teams/LeagueReviewStepViewController.swift; sourceTree = "<group>"; };
		AAE9B3412A354F6DBBD2BE18 /* LeagueSettingsStepViewController.swift */ = {isa = PBXFileReference; lastKnownFileType = sourcecode.swift; path = Features/Teams/LeagueSettingsStepViewController.swift; sourceTree = "<group>"; };
		BC83BCED92C64B638D5DD8A9 /* CaptainAnnouncementService.swift */ = {isa = PBXFileReference; lastKnownFileType = sourcecode.swift; path = Services/CaptainAnnouncementService.swift; sourceTree = "<group>"; };
		9E4D621366A542BDB25BAA6C /* ImageCacheService.swift */ = {isa = PBXFileReference; lastKnownFileType = sourcecode.swift; path = Services/ImageCacheService.swift; sourceTree = "<group>"; };
		7C8B33DF9DD448BF9EB82631 /* LeagueSchedulerService.swift */ = {isa = PBXFileReference; lastKnownFileType = sourcecode.swift; path = Services/LeagueSchedulerService.swift; sourceTree = "<group>"; };
		15B43CE3E4E044439F48D848 /* Nostr1301Service.swift */ = {isa = PBXFileReference; lastKnownFileType = sourcecode.swift; path = Services/Nostr1301Service.swift; sourceTree = "<group>"; };
		E2C39BA109F94A89AECAF74F /* NostrAuthenticationService.swift */ = {isa = PBXFileReference; lastKnownFileType = sourcecode.swift; path = Services/NostrAuthenticationService.swift; sourceTree = "<group>"; };
		67EBE4D4D7FC48FDA4958C7B /* NostrKeyManager.swift */ = {isa = PBXFileReference; lastKnownFileType = sourcecode.swift; path = Services/NostrKeyManager.swift; sourceTree = "<group>"; };
		787E9B5F8E4A439B82561471 /* NostrProfileService.swift */ = {isa = PBXFileReference; lastKnownFileType = sourcecode.swift; path = Services/NostrProfileService.swift; sourceTree = "<group>"; };
		8DB43D2320CB4006AA2F82F9 /* NostrRelayManager.swift */ = {isa = PBXFileReference; lastKnownFileType = sourcecode.swift; path = Services/NostrRelayManager.swift; sourceTree = "<group>"; };
		1B15B55AFB0B451682E35E9E /* NostrSDKBridge.swift */ = {isa = PBXFileReference; lastKnownFileType = sourcecode.swift; path = Services/NostrSDKBridge.swift; sourceTree = "<group>"; };
		AEF239F26E0F46DEBE318FE2 /* NostrWorkoutService.swift */ = {isa = PBXFileReference; lastKnownFileType = sourcecode.swift; path = Services/NostrWorkoutService.swift; sourceTree = "<group>"; };
		5A85FEEE9B2C4FA7BFEA7F9B /* WorkoutDeduplicationService.swift */ = {isa = PBXFileReference; lastKnownFileType = sourcecode.swift; path = Services/WorkoutDeduplicationService.swift; sourceTree = "<group>"; };
		0011FFEEDDCCBBAA998877665544332 /* WalletBalanceView.swift */ = {isa = PBXFileReference; lastKnownFileType = sourcecode.swift; path = Features/Earnings/WalletBalanceView.swift; sourceTree = "<group>"; };
		00659AAD7E444446B1DB9B539DE9216A /* TeamDetailViewController.swift */ = {isa = PBXFileReference; lastKnownFileType = sourcecode.swift; path = Features/Teams/TeamDetailViewController.swift; sourceTree = "<group>"; };
		52A1140CF0274EA9BA319D216A03F263 /* TeamWalletViewController.swift */ = {isa = PBXFileReference; lastKnownFileType = sourcecode.swift; path = Features/Teams/TeamWalletViewController.swift; sourceTree = "<group>"; };
		11002FFEEDDCCBBAA9988776655443 /* WalletActionButton.swift */ = {isa = PBXFileReference; lastKnownFileType = sourcecode.swift; path = Features/Earnings/WalletActionButton.swift; sourceTree = "<group>"; };
		221100FFEEDDCCBBAA99887766554 /* TransactionCard.swift */ = {isa = PBXFileReference; lastKnownFileType = sourcecode.swift; path = Features/Earnings/TransactionCard.swift; sourceTree = "<group>"; };
		25CD67441C2849C092B9FF72E3D013BA /* MessageInputView.swift */ = {isa = PBXFileReference; lastKnownFileType = sourcecode.swift; path = Shared/UI/MessageInputView.swift; sourceTree = "<group>"; };
		PROFILE1FEEDDCCBBAA99887766554433 /* ProfileViewController.swift */ = {isa = PBXFileReference; lastKnownFileType = sourcecode.swift; path = Features/Profile/ProfileViewController.swift; sourceTree = "<group>"; };
		PROFILE2EEDDCCBBAA99887766554433 /* ProfileHeaderView.swift */ = {isa = PBXFileReference; lastKnownFileType = sourcecode.swift; path = Features/Profile/ProfileHeaderView.swift; sourceTree = "<group>"; };
		PROFILE3EDDCCBBAA99887766554433 /* ProfileTabNavigationView.swift */ = {isa = PBXFileReference; lastKnownFileType = sourcecode.swift; path = Features/Profile/ProfileTabNavigationView.swift; sourceTree = "<group>"; };
		PROFILE4DDCCBBAA99887766554433 /* ProfileWorkoutsTabView.swift */ = {isa = PBXFileReference; lastKnownFileType = sourcecode.swift; path = Features/Profile/ProfileWorkoutsTabView.swift; sourceTree = "<group>"; };
		PROFILE5DCCBBAA99887766554433 /* ProfileAccountTabView.swift */ = {isa = PBXFileReference; lastKnownFileType = sourcecode.swift; path = Features/Profile/ProfileAccountTabView.swift; sourceTree = "<group>"; };
		PROFILE6CCBBAA99887766554433 /* ProfileSyncSourcesView.swift */ = {isa = PBXFileReference; lastKnownFileType = sourcecode.swift; path = Features/Profile/ProfileSyncSourcesView.swift; sourceTree = "<group>"; };
		PROFILE7CBBAA99887766554433 /* ProfileWorkoutHistoryView.swift */ = {isa = PBXFileReference; lastKnownFileType = sourcecode.swift; path = Features/Profile/ProfileWorkoutHistoryView.swift; sourceTree = "<group>"; };
		PROFILE8BBAA99887766554433 /* ProfileSubscriptionView.swift */ = {isa = PBXFileReference; lastKnownFileType = sourcecode.swift; path = Features/Profile/ProfileSubscriptionView.swift; sourceTree = "<group>"; };
		PROFILE9BAA99887766554433 /* ProfileSupportView.swift */ = {isa = PBXFileReference; lastKnownFileType = sourcecode.swift; path = Features/Profile/ProfileSupportView.swift; sourceTree = "<group>"; };
		PROFILEAAA99887766554433 /* EditProfileViewController.swift */ = {isa = PBXFileReference; lastKnownFileType = sourcecode.swift; path = Features/Profile/EditProfileViewController.swift; sourceTree = "<group>"; };
		332211FFEEDDCCBBAA9988776655 /* TransactionHistoryView.swift */ = {isa = PBXFileReference; lastKnownFileType = sourcecode.swift; path = Features/Earnings/TransactionHistoryView.swift; sourceTree = "<group>"; };
		382EA177BF544287894A2965A64DBEBA /* EventCard.swift */ = {isa = PBXFileReference; lastKnownFileType = sourcecode.swift; path = Features/Events/EventCard.swift; sourceTree = "<group>"; };
		3D4A1B892C5F7A8E00F3E2B3 /* RunstrRewards.app */ = {isa = PBXFileReference; explicitFileType = wrapper.application; includeInIndex = 0; path = RunstrRewards.app; sourceTree = BUILT_PRODUCTS_DIR; };
		3D4A1B8C2C5F7A8E00F3E2B3 /* AppDelegate.swift */ = {isa = PBXFileReference; lastKnownFileType = sourcecode.swift; path = App/AppDelegate.swift; sourceTree = "<group>"; };
		3D4A1B8E2C5F7A8E00F3E2B3 /* ViewController.swift */ = {isa = PBXFileReference; lastKnownFileType = sourcecode.swift; path = Shared/UI/ViewController.swift; sourceTree = "<group>"; };
		3D4A1B932C5F7A8F00F3E2B3 /* Assets.xcassets */ = {isa = PBXFileReference; lastKnownFileType = folder.assetcatalog; path = Resources/Assets.xcassets; sourceTree = "<group>"; };
		3D4A1B962C5F7A8F00F3E2B3 /* Base */ = {isa = PBXFileReference; lastKnownFileType = file.storyboard; name = Base; path = Resources/Base.lproj/LaunchScreen.storyboard; sourceTree = "<group>"; };
		3D4A1B982C5F7A8F00F3E2B3 /* Info.plist */ = {isa = PBXFileReference; lastKnownFileType = text.plist.xml; path = App/Info.plist; sourceTree = "<group>"; };
		3D4A1B9E2C5F7AB900F3E2B3 /* DesignSystem.swift */ = {isa = PBXFileReference; lastKnownFileType = sourcecode.swift; path = Shared/Design/DesignSystem.swift; sourceTree = "<group>"; };
		ICONABCDEF1234567890ABCDEF123456 /* IconGenerator.swift */ = {isa = PBXFileReference; lastKnownFileType = sourcecode.swift; path = Shared/Design/IconGenerator.swift; sourceTree = "<group>"; };
		3D4A1BA02C5F7AC500F3E2B3 /* NavigationCard.swift */ = {isa = PBXFileReference; lastKnownFileType = sourcecode.swift; path = Shared/UI/NavigationCard.swift; sourceTree = "<group>"; };
		3CEACD8F31B34BB5869F66B4 /* LotteryComingSoonViewController.swift */ = {isa = PBXFileReference; lastKnownFileType = sourcecode.swift; path = Features/Earnings/LotteryComingSoonViewController.swift; sourceTree = "<group>"; };
		3D4A1BA22C5F7AD100F3E2B3 /* StatItem.swift */ = {isa = PBXFileReference; lastKnownFileType = sourcecode.swift; path = Shared/UI/StatItem.swift; sourceTree = "<group>"; };
		3D4A1BA42C5F7ADE00F3E2B3 /* IndustrialBackgroundViews.swift */ = {isa = PBXFileReference; lastKnownFileType = sourcecode.swift; path = Shared/Design/IndustrialBackgroundViews.swift; sourceTree = "<group>"; };
		3D4A1BA62C5F7B1000F3E2B3 /* TeamsViewController.swift */ = {isa = PBXFileReference; lastKnownFileType = sourcecode.swift; path = Features/Teams/TeamsViewController.swift; sourceTree = "<group>"; };
		3D4A1BA82C5F7B1A00F3E2B3 /* TeamCard.swift */ = {isa = PBXFileReference; lastKnownFileType = sourcecode.swift; path = Features/Teams/TeamCard.swift; sourceTree = "<group>"; };
		CFC6CE1B412246E8BE03AFEB2AE779C5 /* HealthKitPermissionViewController.swift */ = {isa = PBXFileReference; lastKnownFileType = sourcecode.swift; path = Features/Authentication/HealthKitPermissionViewController.swift; sourceTree = "<group>"; };
		3988763FF59740C389FD60F344B6D5DC /* OnboardingViewController.swift */ = {isa = PBXFileReference; lastKnownFileType = sourcecode.swift; path = Features/Authentication/OnboardingViewController.swift; sourceTree = "<group>"; };
		50469A2F5A704CAD92C1B6F2EB3E02AB /* UserProfileSetupViewController.swift */ = {isa = PBXFileReference; lastKnownFileType = sourcecode.swift; path = Features/Authentication/UserProfileSetupViewController.swift; sourceTree = "<group>"; };
		277701975FC24F4E87A21FBB62920F67 /* SettingsViewController.swift */ = {isa = PBXFileReference; lastKnownFileType = sourcecode.swift; path = Features/Settings/SettingsViewController.swift; sourceTree = "<group>"; };
		8091CBE0E3E94A93838B1AC46AAD63F9 /* PaymentSheetViewController.swift */ = {isa = PBXFileReference; lastKnownFileType = sourcecode.swift; path = Features/Earnings/PaymentSheetViewController.swift; sourceTree = "<group>"; };
		F1C82BE49A6D4F2B9C7E3DA58FB14E09 /* QRCodeDisplayViewController.swift */ = {isa = PBXFileReference; lastKnownFileType = sourcecode.swift; path = Features/Teams/QRCodeDisplayViewController.swift; sourceTree = "<group>"; };
		EE73978B5D414279BCEB2A1430FF657B /* TeamSubscriptionStatusView.swift */ = {isa = PBXFileReference; lastKnownFileType = sourcecode.swift; path = Features/Teams/TeamSubscriptionStatusView.swift; sourceTree = "<group>"; };
		CBD32F90C3A049B1919D788C181C1EF5 /* NotificationPermissionViewController.swift */ = {isa = PBXFileReference; lastKnownFileType = sourcecode.swift; path = Features/Authentication/NotificationPermissionViewController.swift; sourceTree = "<group>"; };
		A56E5477F5A54399A8C741E91A3D9EE7 /* NotificationService.swift */ = {isa = PBXFileReference; lastKnownFileType = sourcecode.swift; path = "Services/NotificationService.swift"; sourceTree = "<group>"; };
		4433221FFEEDDCCBBAA998877665 /* EarningsHeaderView.swift */ = {isa = PBXFileReference; lastKnownFileType = sourcecode.swift; path = Features/Earnings/EarningsHeaderView.swift; sourceTree = "<group>"; };
		55443322FFEEDDCCBBAA99887766 /* WorkoutsViewController.swift */ = {isa = PBXFileReference; lastKnownFileType = sourcecode.swift; path = Features/Workouts/WorkoutsViewController.swift; sourceTree = "<group>"; };
		5801F4E4750540CABC6C94EBB8DD0B79 /* ChallengeCard.swift */ = {isa = PBXFileReference; lastKnownFileType = sourcecode.swift; path = Shared/UI/ChallengeCard.swift; sourceTree = "<group>"; };
		5CD455CE98D440A6BEFF739E6453EF03 /* TeamDetailHeaderView.swift */ = {isa = PBXFileReference; lastKnownFileType = sourcecode.swift; path = Features/Teams/TeamDetailHeaderView.swift; sourceTree = "<group>"; };
		6655443FFEEDDCCBBAA998877667 /* WorkoutTabNavigationView.swift */ = {isa = PBXFileReference; lastKnownFileType = sourcecode.swift; path = Features/Workouts/WorkoutTabNavigationView.swift; sourceTree = "<group>"; };
		77665544FFEEDDCCBBAA99887766 /* WorkoutCard.swift */ = {isa = PBXFileReference; lastKnownFileType = sourcecode.swift; path = Features/Workouts/WorkoutCard.swift; sourceTree = "<group>"; };
		8579AB0D8AC14317BA37877636217187 /* TeamDetailAboutSection.swift */ = {isa = PBXFileReference; lastKnownFileType = sourcecode.swift; path = Features/Teams/TeamDetailAboutSection.swift; sourceTree = "<group>"; };
		88776655FFEEDDCCBBAA99887765 /* WorkoutSyncSourceCard.swift */ = {isa = PBXFileReference; lastKnownFileType = sourcecode.swift; path = Features/Workouts/WorkoutSyncSourceCard.swift; sourceTree = "<group>"; };
		99887766FFEEDDCCBBAA99887764 /* WorkoutSyncView.swift */ = {isa = PBXFileReference; lastKnownFileType = sourcecode.swift; path = Features/Workouts/WorkoutSyncView.swift; sourceTree = "<group>"; };
		AABBCCDDEEFF001122334455663 /* WorkoutStatsView.swift */ = {isa = PBXFileReference; lastKnownFileType = sourcecode.swift; path = Features/Workouts/WorkoutStatsView.swift; sourceTree = "<group>"; };
		BCB683446B2F4C6397E096106C4813E9 /* TeamDetailEventsViewController.swift */ = {isa = PBXFileReference; lastKnownFileType = sourcecode.swift; path = Features/Teams/TeamDetailEventsViewController.swift; sourceTree = "<group>"; };
		EVENT8899001122334455667788990011 /* EventDetailViewController.swift */ = {isa = PBXFileReference; lastKnownFileType = sourcecode.swift; path = Features/Events/EventDetailViewController.swift; sourceTree = "<group>"; };
		CHAL9900112233445566778899001122 /* ChallengeDetailViewController.swift */ = {isa = PBXFileReference; lastKnownFileType = sourcecode.swift; path = Shared/UI/ChallengeDetailViewController.swift; sourceTree = "<group>"; };
		CLUADE_MD /* CLAUDE.md */ = {isa = PBXFileReference; lastKnownFileType = net.daringfireball.markdown; path = CLAUDE.md; sourceTree = "<group>"; };
		COMP1111222233334444555566667777 /* CompetitionsViewController.swift */ = {isa = PBXFileReference; lastKnownFileType = sourcecode.swift; path = Features/Competitions/CompetitionsViewController.swift; sourceTree = "<group>"; };
		MEMB1111222233334444555566667777 /* TeamMembersListView.swift */ = {isa = PBXFileReference; lastKnownFileType = sourcecode.swift; name = TeamMembersListView.swift; path = Features/Teams/TeamMembersListView.swift; sourceTree = "<group>"; };
		ACTV1111222233334444555566667777 /* TeamActivityFeedView.swift */ = {isa = PBXFileReference; lastKnownFileType = sourcecode.swift; name = TeamActivityFeedView.swift; path = Features/Teams/TeamActivityFeedView.swift; sourceTree = "<group>"; };
		COMP2222333344445555666677778888 /* CompetitionTabNavigationView.swift */ = {isa = PBXFileReference; lastKnownFileType = sourcecode.swift; path = Features/Competitions/CompetitionTabNavigationView.swift; sourceTree = "<group>"; };
		COMP3333444455556666777788889999 /* LeagueView.swift */ = {isa = PBXFileReference; lastKnownFileType = sourcecode.swift; path = Features/Competitions/LeagueView.swift; sourceTree = "<group>"; };
		COMP4444555566667777888899990000 /* EventsView.swift */ = {isa = PBXFileReference; lastKnownFileType = sourcecode.swift; path = Features/Events/EventsView.swift; sourceTree = "<group>"; };
		COMP5555666677778888999900001111 /* LeaderboardItemView.swift */ = {isa = PBXFileReference; lastKnownFileType = sourcecode.swift; path = Features/Competitions/LeaderboardItemView.swift; sourceTree = "<group>"; };
		COMP6666777788889999000011112222 /* StreakCardView.swift */ = {isa = PBXFileReference; lastKnownFileType = sourcecode.swift; path = Shared/UI/StreakCardView.swift; sourceTree = "<group>"; };
		COMP7777888899990000111122223333 /* EventCardView.swift */ = {isa = PBXFileReference; lastKnownFileType = sourcecode.swift; path = Features/Events/EventCardView.swift; sourceTree = "<group>"; };
		DDEEFF00112233445566778899AABBCC /* TeamDetailTabNavigation.swift */ = {isa = PBXFileReference; lastKnownFileType = sourcecode.swift; path = Features/Teams/TeamDetailTabNavigation.swift; sourceTree = "<group>"; };
		E2B60D5CE514427DA660A3D66F3DCF04 /* MessageView.swift */ = {isa = PBXFileReference; lastKnownFileType = sourcecode.swift; path = Shared/UI/MessageView.swift; sourceTree = "<group>"; };
		ENTITLEMENTS12345678901234567890 /* LevelFitness.entitlements */ = {isa = PBXFileReference; lastKnownFileType = text.plist.entitlements; path = LevelFitness.entitlements; sourceTree = "<group>"; };
		FFEEDDCCBBAA99887766554433221100 /* EarningsViewController.swift */ = {isa = PBXFileReference; lastKnownFileType = sourcecode.swift; path = Features/Earnings/EarningsViewController.swift; sourceTree = "<group>"; };
		LOGIN987654321FEDCBA987654321098 /* LoginViewController.swift */ = {isa = PBXFileReference; lastKnownFileType = sourcecode.swift; path = Features/Authentication/LoginViewController.swift; sourceTree = "<group>"; };
		7854B1DC6BDB4917A72214527EBD300E /* WalletSectionView.swift */ = {isa = PBXFileReference; lastKnownFileType = sourcecode.swift; path = Features/Earnings/WalletSectionView.swift; sourceTree = "<group>"; };
		B2B2C180E9B948489A2DCEBE598329E9 /* NotificationTogglesView.swift */ = {isa = PBXFileReference; lastKnownFileType = sourcecode.swift; path = Features/Profile/NotificationTogglesView.swift; sourceTree = "<group>"; };
		A7FEA8665C6A4B22986DA6438533D80C /* SupabaseService.swift */ = {isa = PBXFileReference; lastKnownFileType = sourcecode.swift; path = "Services/SupabaseService.swift"; sourceTree = "<group>"; };
		36BCD51F8F4D4232AB2F2E1D6527B57E /* AuthDataService.swift */ = {isa = PBXFileReference; lastKnownFileType = sourcecode.swift; path = "Services/AuthDataService.swift"; sourceTree = "<group>"; };
		5DB6D835-BA20-4DEC-A94B-CF02B95476A2 /* WorkoutDataService.swift */ = {isa = PBXFileReference; lastKnownFileType = sourcecode.swift; path = "Services/WorkoutDataService.swift"; sourceTree = "<group>"; };
		6B807CFA-B685-4049-8B87-E722FECB863E /* CompetitionDataService.swift */ = {isa = PBXFileReference; lastKnownFileType = sourcecode.swift; path = "Services/CompetitionDataService.swift"; sourceTree = "<group>"; };
		739341BA-43E6-4EF0-AA07-F7BAE94335EF /* TransactionDataService.swift */ = {isa = PBXFileReference; lastKnownFileType = sourcecode.swift; path = "Services/TransactionDataService.swift"; sourceTree = "<group>"; };
		78EF85D8-35D1-415A-9126-31F4A89175F9 /* TeamDataService.swift */ = {isa = PBXFileReference; lastKnownFileType = sourcecode.swift; path = "Services/TeamDataService.swift"; sourceTree = "<group>"; };
		CALCULATOR1234567890ABCDEF001122 /* WorkoutRewardCalculator.swift */ = {isa = PBXFileReference; lastKnownFileType = sourcecode.swift; path = "Services/WorkoutRewardCalculator.swift"; sourceTree = "<group>"; };
		97AB43EEA3C94433A902E73BD93537EC /* AuthenticationService.swift */ = {isa = PBXFileReference; lastKnownFileType = sourcecode.swift; path = "Services/AuthenticationService.swift"; sourceTree = "<group>"; };
		COINABCDEF123456789ABCDEF12345678 /* CoinOSService.swift */ = {isa = PBXFileReference; lastKnownFileType = sourcecode.swift; path = "Services/CoinOSService.swift"; sourceTree = "<group>"; };
		LIGHTABCDEF123456789ABCDEF123456 /* LightningWalletManager.swift */ = {isa = PBXFileReference; lastKnownFileType = sourcecode.swift; path = "Services/LightningWalletManager.swift"; sourceTree = "<group>"; };
		99B4C1E5CC95463981F84EF706BAC273 /* KeychainService.swift */ = {isa = PBXFileReference; lastKnownFileType = sourcecode.swift; path = "Services/KeychainService.swift"; sourceTree = "<group>"; };
		HEALTHABCDEF1234567890ABCDEF123456 /* HealthKitService.swift */ = {isa = PBXFileReference; lastKnownFileType = sourcecode.swift; path = "Services/HealthKitService.swift"; sourceTree = "<group>"; };
		ERRORABCDEF123456789ABCDEF123456 /* ErrorHandlingService.swift */ = {isa = PBXFileReference; lastKnownFileType = sourcecode.swift; path = "Services/ErrorHandlingService.swift"; sourceTree = "<group>"; };
		NETWORKABCDEF123456789ABCDEF12345 /* NetworkMonitorService.swift */ = {isa = PBXFileReference; lastKnownFileType = sourcecode.swift; path = "Services/NetworkMonitorService.swift"; sourceTree = "<group>"; };
		OFFLINEABCDEF123456789ABCDEF12345 /* OfflineDataService.swift */ = {isa = PBXFileReference; lastKnownFileType = sourcecode.swift; path = "Services/OfflineDataService.swift"; sourceTree = "<group>"; };
		WIZARD987654321FEDCBA987654321012 /* TeamCreationWizardViewController.swift */ = {isa = PBXFileReference; lastKnownFileType = sourcecode.swift; path = Features/Teams/TeamCreationWizardViewController.swift; sourceTree = "<group>"; };
		BASIC987654321FEDCBA9876543210123 /* TeamBasicInfoStepViewController.swift */ = {isa = PBXFileReference; lastKnownFileType = sourcecode.swift; path = Features/Teams/TeamBasicInfoStepViewController.swift; sourceTree = "<group>"; };
		METRIC987654321FEDCBA987654321012 /* TeamMetricSelectionStepViewController.swift */ = {isa = PBXFileReference; lastKnownFileType = sourcecode.swift; path = Features/Teams/TeamMetricSelectionStepViewController.swift; sourceTree = "<group>"; };
		LEADER987654321FEDCBA987654321012 /* TeamLeaderboardSetupStepViewController.swift */ = {isa = PBXFileReference; lastKnownFileType = sourcecode.swift; path = Features/Teams/TeamLeaderboardSetupStepViewController.swift; sourceTree = "<group>"; };
		REVIEW987654321FEDCBA987654321012 /* TeamReviewStepViewController.swift */ = {isa = PBXFileReference; lastKnownFileType = sourcecode.swift; path = Features/Teams/TeamReviewStepViewController.swift; sourceTree = "<group>"; };
		LEAGUE987654321FEDCBA987654321012 /* TeamDetailLeagueViewController.swift */ = {isa = PBXFileReference; lastKnownFileType = sourcecode.swift; path = Features/Teams/TeamDetailLeagueViewController.swift; sourceTree = "<group>"; };
		SUBSCR987654321FEDCBA987654321012 /* SubscriptionService.swift */ = {isa = PBXFileReference; lastKnownFileType = sourcecode.swift; path = "Services/SubscriptionService.swift"; sourceTree = "<group>"; };
		EVENTS987654321FEDCBA987654321012 /* EventCreationWizardViewController.swift */ = {isa = PBXFileReference; lastKnownFileType = sourcecode.swift; path = Features/Events/EventCreationWizardViewController.swift; sourceTree = "<group>"; };
		EBASI987654321FEDCBA987654321012 /* EventBasicInfoStepViewController.swift */ = {isa = PBXFileReference; lastKnownFileType = sourcecode.swift; path = Features/Events/EventBasicInfoStepViewController.swift; sourceTree = "<group>"; };
		EMETR987654321FEDCBA987654321012 /* EventMetricsStepViewController.swift */ = {isa = PBXFileReference; lastKnownFileType = sourcecode.swift; path = Features/Events/EventMetricsStepViewController.swift; sourceTree = "<group>"; };
		ESCHE987654321FEDCBA987654321012 /* EventScheduleStepViewController.swift */ = {isa = PBXFileReference; lastKnownFileType = sourcecode.swift; path = Features/Events/EventScheduleStepViewController.swift; sourceTree = "<group>"; };
		EREVI987654321FEDCBA987654321012 /* EventReviewStepViewController.swift */ = {isa = PBXFileReference; lastKnownFileType = sourcecode.swift; path = Features/Events/EventReviewStepViewController.swift; sourceTree = "<group>"; };
		EMGMT987654321FEDCBA987654321012 /* EventManagementDashboardViewController.swift */ = {isa = PBXFileReference; lastKnownFileType = sourcecode.swift; path = Features/Events/EventManagementDashboardViewController.swift; sourceTree = "<group>"; };
		ESTAT987654321FEDCBA987654321012 /* EventStatCard.swift */ = {isa = PBXFileReference; lastKnownFileType = sourcecode.swift; path = Features/Events/EventStatCard.swift; sourceTree = "<group>"; };
		ECELL987654321FEDCBA987654321012 /* EventManagementCell.swift */ = {isa = PBXFileReference; lastKnownFileType = sourcecode.swift; path = Features/Events/EventManagementCell.swift; sourceTree = "<group>"; };
		CONNECTED123456789ABCDEF1234567890 /* ConnectedAppsViewController.swift */ = {isa = PBXFileReference; lastKnownFileType = sourcecode.swift; path = Features/Workouts/ConnectedAppsViewController.swift; sourceTree = "<group>"; };
		PRIVACY123456789ABCDEF12345678901 /* PrivacySettingsViewController.swift */ = {isa = PBXFileReference; lastKnownFileType = sourcecode.swift; path = Features/Settings/PrivacySettingsViewController.swift; sourceTree = "<group>"; };
		HELP123456789ABCDEF123456789012 /* HelpSupportViewController.swift */ = {isa = PBXFileReference; lastKnownFileType = sourcecode.swift; path = Features/Settings/HelpSupportViewController.swift; sourceTree = "<group>"; };
		WEB123456789ABCDEF1234567890123 /* WebViewController.swift */ = {isa = PBXFileReference; lastKnownFileType = sourcecode.swift; path = Shared/UI/WebViewController.swift; sourceTree = "<group>"; };
		BACKGROUNDABCDEF123456789012345678 /* BackgroundTaskManager.swift */ = {isa = PBXFileReference; lastKnownFileType = sourcecode.swift; path = "Services/BackgroundTaskManager.swift"; sourceTree = "<group>"; };
		6C3CD0FB6D32487196F886829229BEF2 /* AutoEntryService.swift */ = {isa = PBXFileReference; lastKnownFileType = sourcecode.swift; path = "Services/AutoEntryService.swift"; sourceTree = "<group>"; };
		2150D462B5584B4C99B32078D12ED8A7 /* EventProgressTracker.swift */ = {isa = PBXFileReference; lastKnownFileType = sourcecode.swift; path = "Services/EventProgressTracker.swift"; sourceTree = "<group>"; };
		86AA102591B44D0D986DFFC73F971788 /* RealtimeLeaderboardService.swift */ = {isa = PBXFileReference; lastKnownFileType = sourcecode.swift; path = "Services/RealtimeLeaderboardService.swift"; sourceTree = "<group>"; };
		8F796D55CCA343A6AA5915AE331AC1BF /* EventNotificationService.swift */ = {isa = PBXFileReference; lastKnownFileType = sourcecode.swift; path = "Services/EventNotificationService.swift"; sourceTree = "<group>"; };
		FCB896FA291D49A3B8153EDFCB2BEB9A /* TeamPrizeDistributionService.swift */ = {isa = PBXFileReference; lastKnownFileType = sourcecode.swift; path = "Services/TeamPrizeDistributionService.swift"; sourceTree = "<group>"; };
		9BC13758727E4834996A1BB4609D8181 /* CompetitionIntegrationService.swift */ = {isa = PBXFileReference; lastKnownFileType = sourcecode.swift; path = "Services/CompetitionIntegrationService.swift"; sourceTree = "<group>"; };
		6E935BC9E90A4A3EA3A2FBB32650EEA9 /* EventProgressView.swift */ = {isa = PBXFileReference; lastKnownFileType = sourcecode.swift; path = Features/Events/EventProgressView.swift; sourceTree = "<group>"; };
		CEA52A786269446FB6E160F2B0A120D3 /* LiveLeaderboardView.swift */ = {isa = PBXFileReference; lastKnownFileType = sourcecode.swift; path = Features/Competitions/LiveLeaderboardView.swift; sourceTree = "<group>"; };
		8AEC544C016E4F229FFDF6ADF3C6E285 /* PrizeDistributionViewController.swift */ = {isa = PBXFileReference; lastKnownFileType = sourcecode.swift; path = Features/Events/PrizeDistributionViewController.swift; sourceTree = "<group>"; };
		93E5069335D94B0C8BCAF6C21F42FD34 /* PrizePoolTrackerView.swift */ = {isa = PBXFileReference; lastKnownFileType = sourcecode.swift; path = Features/Events/PrizePoolTrackerView.swift; sourceTree = "<group>"; };
		92E0D65D21C644E7979DFCE433686FF1 /* MemberPayoutHistoryViewController.swift */ = {isa = PBXFileReference; lastKnownFileType = sourcecode.swift; path = Features/Events/MemberPayoutHistoryViewController.swift; sourceTree = "<group>"; };
		WORKSYNCQUEUEABCDEF123456789ABCDEF /* WorkoutSyncQueue.swift */ = {isa = PBXFileReference; lastKnownFileType = sourcecode.swift; path = "Services/WorkoutSyncQueue.swift"; sourceTree = "<group>"; };
		ANTICHEAT9ABCDEF123456789ABCDEF012 /* AntiCheatService.swift */ = {isa = PBXFileReference; lastKnownFileType = sourcecode.swift; path = "Services/AntiCheatService.swift"; sourceTree = "<group>"; };
		EVENTCRITABCDEF123456789ABCDEF1234 /* EventCriteriaEngine.swift */ = {isa = PBXFileReference; lastKnownFileType = sourcecode.swift; path = "Services/EventCriteriaEngine.swift"; sourceTree = "<group>"; };
		LEADERBOARDABCDEF123456789ABCDEF12 /* LeaderboardTracker.swift */ = {isa = PBXFileReference; lastKnownFileType = sourcecode.swift; path = "Services/LeaderboardTracker.swift"; sourceTree = "<group>"; };
		NOTIFICATIONINTELABCDEF123456789A /* NotificationIntelligence.swift */ = {isa = PBXFileReference; lastKnownFileType = sourcecode.swift; path = "Services/NotificationIntelligence.swift"; sourceTree = "<group>"; };
		2D1C429144B94E6C8D4033C9820099DF /* TeamWalletManager.swift */ = {isa = PBXFileReference; lastKnownFileType = sourcecode.swift; path = "Services/TeamWalletManager.swift"; sourceTree = "<group>"; };
		B493D1F9F45E49D19563503FA6B517A8 /* TeamWalletAccessController.swift */ = {isa = PBXFileReference; lastKnownFileType = sourcecode.swift; path = "Services/TeamWalletAccessController.swift"; sourceTree = "<group>"; };
		CC4FF82330A24A959EBD2C8C2B1E6E55 /* TeamWalletBalanceView.swift */ = {isa = PBXFileReference; lastKnownFileType = sourcecode.swift; path = Features/Teams/TeamWalletBalanceView.swift; sourceTree = "<group>"; };
		F08D7F38987A496B9E9ED7591DDA5299 /* TeamWalletFundingViewController.swift */ = {isa = PBXFileReference; lastKnownFileType = sourcecode.swift; path = Features/Teams/TeamWalletFundingViewController.swift; sourceTree = "<group>"; };
		E7A2F1B8-9C5D-4E76-8A31-2B4C5F6A7E8D /* P2PChallengeService.swift */ = {isa = PBXFileReference; lastKnownFileType = sourcecode.swift; path = "Services/P2PChallengeService.swift"; sourceTree = "<group>"; };
		3F8E9B7A-6D2C-4A1B-9E8F-7C5A4B3D2E1F /* CreateChallengeViewController.swift */ = {isa = PBXFileReference; lastKnownFileType = sourcecode.swift; path = Features/Teams/CreateChallengeViewController.swift; sourceTree = "<group>"; };
		1A7F8E5B-4C9D-3E2A-8B6F-9D1C2A3B4E5F /* P2PChallengeCard.swift */ = {isa = PBXFileReference; lastKnownFileType = sourcecode.swift; path = Shared/UI/P2PChallengeCard.swift; sourceTree = "<group>"; };
/* End PBXFileReference section */

/* Begin PBXFrameworksBuildPhase section */
		3D4A1B862C5F7A8E00F3E2B3 /* Frameworks */ = {
			isa = PBXFrameworksBuildPhase;
			buildActionMask = 2147483647;
			files = (
			);
			runOnlyForDeploymentPostprocessing = 0;
		};
/* End PBXFrameworksBuildPhase section */

/* Begin PBXGroup section */
		3D4A1B802C5F7A8E00F3E2B3 = {
			isa = PBXGroup;
			children = (
				3D4A1B8B2C5F7A8E00F3E2B3 /* RunstrRewards */,
				3D4A1B8A2C5F7A8E00F3E2B3 /* Products */,
				CLUADE_MD /* CLAUDE.md */,
			);
			sourceTree = "<group>";
		};
		3D4A1B8A2C5F7A8E00F3E2B3 /* Products */ = {
			isa = PBXGroup;
			children = (
				3D4A1B892C5F7A8E00F3E2B3 /* RunstrRewards.app */,
			);
			name = Products;
			sourceTree = "<group>";
		};
		3D4A1B8B2C5F7A8E00F3E2B3 /* RunstrRewards */ = {
			isa = PBXGroup;
			children = (
				3D4A1B8C2C5F7A8E00F3E2B3 /* AppDelegate.swift */,
				LOGIN987654321FEDCBA987654321098 /* LoginViewController.swift */,
				7854B1DC6BDB4917A72214527EBD300E /* WalletSectionView.swift */,
				B2B2C180E9B948489A2DCEBE598329E9 /* NotificationTogglesView.swift */,
				3D4A1B8E2C5F7A8E00F3E2B3 /* ViewController.swift */,
				3D4A1B9E2C5F7AB900F3E2B3 /* DesignSystem.swift */,
				ICONABCDEF1234567890ABCDEF123456 /* IconGenerator.swift */,
				3D4A1BA02C5F7AC500F3E2B3 /* NavigationCard.swift */,
				3CEACD8F31B34BB5869F66B4 /* LotteryComingSoonViewController.swift */,
				3D4A1BA22C5F7AD100F3E2B3 /* StatItem.swift */,
				3D4A1BA42C5F7ADE00F3E2B3 /* IndustrialBackgroundViews.swift */,
				3D4A1BA62C5F7B1000F3E2B3 /* TeamsViewController.swift */,
				3D4A1BA82C5F7B1A00F3E2B3 /* TeamCard.swift */,
				CFC6CE1B412246E8BE03AFEB2AE779C5 /* HealthKitPermissionViewController.swift */,
				3988763FF59740C389FD60F344B6D5DC /* OnboardingViewController.swift */,
				50469A2F5A704CAD92C1B6F2EB3E02AB /* UserProfileSetupViewController.swift */,
				277701975FC24F4E87A21FBB62920F67 /* SettingsViewController.swift */,
				8091CBE0E3E94A93838B1AC46AAD63F9 /* PaymentSheetViewController.swift */,
				F1C82BE49A6D4F2B9C7E3DA58FB14E09 /* QRCodeDisplayViewController.swift */,
				EE73978B5D414279BCEB2A1430FF657B /* TeamSubscriptionStatusView.swift */,
				CBD32F90C3A049B1919D788C181C1EF5 /* NotificationPermissionViewController.swift */,
				00659AAD7E444446B1DB9B539DE9216A /* TeamDetailViewController.swift */,
				E2B60D5CE514427DA660A3D66F3DCF04 /* MessageView.swift */,
				25CD67441C2849C092B9FF72E3D013BA /* MessageInputView.swift */,
				5801F4E4750540CABC6C94EBB8DD0B79 /* ChallengeCard.swift */,
				382EA177BF544287894A2965A64DBEBA /* EventCard.swift */,
				BCB683446B2F4C6397E096106C4813E9 /* TeamDetailEventsViewController.swift */,
				EVENT8899001122334455667788990011 /* EventDetailViewController.swift */,
				CHAL9900112233445566778899001122 /* ChallengeDetailViewController.swift */,
				5CD455CE98D440A6BEFF739E6453EF03 /* TeamDetailHeaderView.swift */,
				8579AB0D8AC14317BA37877636217187 /* TeamDetailAboutSection.swift */,
				DDEEFF00112233445566778899AABBCC /* TeamDetailTabNavigation.swift */,
				FFEEDDCCBBAA99887766554433221100 /* EarningsViewController.swift */,
				0011FFEEDDCCBBAA998877665544332 /* WalletBalanceView.swift */,
				11002FFEEDDCCBBAA9988776655443 /* WalletActionButton.swift */,
				221100FFEEDDCCBBAA99887766554 /* TransactionCard.swift */,
				332211FFEEDDCCBBAA9988776655 /* TransactionHistoryView.swift */,
				4433221FFEEDDCCBBAA998877665 /* EarningsHeaderView.swift */,
				55443322FFEEDDCCBBAA99887766 /* WorkoutsViewController.swift */,
				6655443FFEEDDCCBBAA998877667 /* WorkoutTabNavigationView.swift */,
				77665544FFEEDDCCBBAA99887766 /* WorkoutCard.swift */,
				88776655FFEEDDCCBBAA99887765 /* WorkoutSyncSourceCard.swift */,
				99887766FFEEDDCCBBAA99887764 /* WorkoutSyncView.swift */,
				AABBCCDDEEFF001122334455663 /* WorkoutStatsView.swift */,
				COMP1111222233334444555566667777 /* CompetitionsViewController.swift */,
				COMP2222333344445555666677778888 /* CompetitionTabNavigationView.swift */,
				COMP3333444455556666777788889999 /* LeagueView.swift */,
				COMP4444555566667777888899990000 /* EventsView.swift */,
				COMP5555666677778888999900001111 /* LeaderboardItemView.swift */,
				COMP6666777788889999000011112222 /* StreakCardView.swift */,
				COMP7777888899990000111122223333 /* EventCardView.swift */,
				A7FEA8665C6A4B22986DA6438533D80C /* SupabaseService.swift */,
				36BCD51F8F4D4232AB2F2E1D6527B57E /* AuthDataService.swift */,
				5DB6D835-BA20-4DEC-A94B-CF02B95476A2 /* WorkoutDataService.swift */,
				6B807CFA-B685-4049-8B87-E722FECB863E /* CompetitionDataService.swift */,
				739341BA-43E6-4EF0-AA07-F7BAE94335EF /* TransactionDataService.swift */,
				78EF85D8-35D1-415A-9126-31F4A89175F9 /* TeamDataService.swift */,
				CALCULATOR1234567890ABCDEF001122 /* WorkoutRewardCalculator.swift */,
				97AB43EEA3C94433A902E73BD93537EC /* AuthenticationService.swift */,
				COINABCDEF123456789ABCDEF12345678 /* CoinOSService.swift */,
				LIGHTABCDEF123456789ABCDEF123456 /* LightningWalletManager.swift */,
				99B4C1E5CC95463981F84EF706BAC273 /* KeychainService.swift */,
				A56E5477F5A54399A8C741E91A3D9EE7 /* NotificationService.swift */,
				HEALTHABCDEF1234567890ABCDEF123456 /* HealthKitService.swift */,
				ERRORABCDEF123456789ABCDEF123456 /* ErrorHandlingService.swift */,
				NETWORKABCDEF123456789ABCDEF12345 /* NetworkMonitorService.swift */,
				OFFLINEABCDEF123456789ABCDEF12345 /* OfflineDataService.swift */,
				SUBSCR987654321FEDCBA987654321012 /* SubscriptionService.swift */,
				WIZARD987654321FEDCBA987654321012 /* TeamCreationWizardViewController.swift */,
				BASIC987654321FEDCBA9876543210123 /* TeamBasicInfoStepViewController.swift */,
				METRIC987654321FEDCBA987654321012 /* TeamMetricSelectionStepViewController.swift */,
				LEADER987654321FEDCBA987654321012 /* TeamLeaderboardSetupStepViewController.swift */,
				REVIEW987654321FEDCBA987654321012 /* TeamReviewStepViewController.swift */,
				LEAGUE987654321FEDCBA987654321012 /* TeamDetailLeagueViewController.swift */,
				EVENTS987654321FEDCBA987654321012 /* EventCreationWizardViewController.swift */,
				EBASI987654321FEDCBA987654321012 /* EventBasicInfoStepViewController.swift */,
				EMETR987654321FEDCBA987654321012 /* EventMetricsStepViewController.swift */,
				ESCHE987654321FEDCBA987654321012 /* EventScheduleStepViewController.swift */,
				EREVI987654321FEDCBA987654321012 /* EventReviewStepViewController.swift */,
				EMGMT987654321FEDCBA987654321012 /* EventManagementDashboardViewController.swift */,
				ESTAT987654321FEDCBA987654321012 /* EventStatCard.swift */,
				ECELL987654321FEDCBA987654321012 /* EventManagementCell.swift */,
				3D4A1B932C5F7A8F00F3E2B3 /* Assets.xcassets */,
				3D4A1B952C5F7A8F00F3E2B3 /* LaunchScreen.storyboard */,
				3D4A1B982C5F7A8F00F3E2B3 /* Info.plist */,
				ENTITLEMENTS12345678901234567890 /* LevelFitness.entitlements */,
				CONNECTED123456789ABCDEF1234567890 /* ConnectedAppsViewController.swift */,
				PRIVACY123456789ABCDEF12345678901 /* PrivacySettingsViewController.swift */,
				HELP123456789ABCDEF123456789012 /* HelpSupportViewController.swift */,
				WEB123456789ABCDEF1234567890123 /* WebViewController.swift */,
				BACKGROUNDABCDEF123456789012345678 /* BackgroundTaskManager.swift */,
				6C3CD0FB6D32487196F886829229BEF2 /* AutoEntryService.swift */,
				2150D462B5584B4C99B32078D12ED8A7 /* EventProgressTracker.swift */,
				86AA102591B44D0D986DFFC73F971788 /* RealtimeLeaderboardService.swift */,
				8F796D55CCA343A6AA5915AE331AC1BF /* EventNotificationService.swift */,
				FCB896FA291D49A3B8153EDFCB2BEB9A /* TeamPrizeDistributionService.swift */,
				9BC13758727E4834996A1BB4609D8181 /* CompetitionIntegrationService.swift */,
				6E935BC9E90A4A3EA3A2FBB32650EEA9 /* EventProgressView.swift */,
				CEA52A786269446FB6E160F2B0A120D3 /* LiveLeaderboardView.swift */,
				8AEC544C016E4F229FFDF6ADF3C6E285 /* PrizeDistributionViewController.swift */,
				93E5069335D94B0C8BCAF6C21F42FD34 /* PrizePoolTrackerView.swift */,
				92E0D65D21C644E7979DFCE433686FF1 /* MemberPayoutHistoryViewController.swift */,
				WORKSYNCQUEUEABCDEF123456789ABCDEF /* WorkoutSyncQueue.swift */,
				ANTICHEAT9ABCDEF123456789ABCDEF012 /* AntiCheatService.swift */,
				EVENTCRITABCDEF123456789ABCDEF1234 /* EventCriteriaEngine.swift */,
				LEADERBOARDABCDEF123456789ABCDEF12 /* LeaderboardTracker.swift */,
				NOTIFICATIONINTELABCDEF123456789A /* NotificationIntelligence.swift */,
				2D1C429144B94E6C8D4033C9820099DF /* TeamWalletManager.swift */,
				B493D1F9F45E49D19563503FA6B517A8 /* TeamWalletAccessController.swift */,
				CC4FF82330A24A959EBD2C8C2B1E6E55 /* TeamWalletBalanceView.swift */,
				F08D7F38987A496B9E9ED7591DDA5299 /* TeamWalletFundingViewController.swift */,
				E7A2F1B8-9C5D-4E76-8A31-2B4C5F6A7E8D /* P2PChallengeService.swift */,
				3F8E9B7A-6D2C-4A1B-9E8F-7C5A4B3D2E1F /* CreateChallengeViewController.swift */,
				1A7F8E5B-4C9D-3E2A-8B6F-9D1C2A3B4E5F /* P2PChallengeCard.swift */,
				PROFILE1FEEDDCCBBAA99887766554433 /* ProfileViewController.swift */,
				PROFILE2EEDDCCBBAA99887766554433 /* ProfileHeaderView.swift */,
				PROFILE3EDDCCBBAA99887766554433 /* ProfileTabNavigationView.swift */,
				PROFILE4DDCCBBAA99887766554433 /* ProfileWorkoutsTabView.swift */,
				PROFILE5DCCBBAA99887766554433 /* ProfileAccountTabView.swift */,
				PROFILE6CCBBAA99887766554433 /* ProfileSyncSourcesView.swift */,
				PROFILE7CBBAA99887766554433 /* ProfileWorkoutHistoryView.swift */,
				PROFILE8BBAA99887766554433 /* ProfileSubscriptionView.swift */,
				PROFILE9BAA99887766554433 /* ProfileSupportView.swift */,
				PROFILEAAA99887766554433 /* EditProfileViewController.swift */,
				39B735294F22441D9A8076F2 /* EventBasicDetailsViewController.swift */,
				8B376466E0D94E2CA3AA2B14 /* EventPresetSelectionViewController.swift */,
				56F29BF9031E424BBD815991 /* ProfileSectionView.swift */,
				17E1B72C748F46399EF77F75 /* CaptainAnnouncementViewController.swift */,
				92BDC25130B144E7AC89C3BC /* LeagueCreationWizardViewController.swift */,
				5286EB1B2F154BBB9DE78EDF /* LeagueReviewStepViewController.swift */,
				AAE9B3412A354F6DBBD2BE18 /* LeagueSettingsStepViewController.swift */,
				BC83BCED92C64B638D5DD8A9 /* CaptainAnnouncementService.swift */,
				9E4D621366A542BDB25BAA6C /* ImageCacheService.swift */,
				7C8B33DF9DD448BF9EB82631 /* LeagueSchedulerService.swift */,
				15B43CE3E4E044439F48D848 /* Nostr1301Service.swift */,
				E2C39BA109F94A89AECAF74F /* NostrAuthenticationService.swift */,
				67EBE4D4D7FC48FDA4958C7B /* NostrKeyManager.swift */,
				787E9B5F8E4A439B82561471 /* NostrProfileService.swift */,
				8DB43D2320CB4006AA2F82F9 /* NostrRelayManager.swift */,
				1B15B55AFB0B451682E35E9E /* NostrSDKBridge.swift */,
				AEF239F26E0F46DEBE318FE2 /* NostrWorkoutService.swift */,
				5A85FEEE9B2C4FA7BFEA7F9B /* WorkoutDeduplicationService.swift */,
				MEMB1111222233334444555566667777 /* TeamMembersListView.swift */,
				ACTV1111222233334444555566667777 /* TeamActivityFeedView.swift */,
				52A1140CF0274EA9BA319D216A03F263 /* TeamWalletViewController.swift */,
			);
			path = RunstrRewards;
			sourceTree = "<group>";
		};
/* End PBXGroup section */

/* Begin PBXNativeTarget section */
		3D4A1B882C5F7A8E00F3E2B3 /* RunstrRewards */ = {
			isa = PBXNativeTarget;
			buildConfigurationList = 3D4A1B9B2C5F7A8F00F3E2B3 /* Build configuration list for PBXNativeTarget "RunstrRewards" */;
			buildPhases = (
				3D4A1B852C5F7A8E00F3E2B3 /* Sources */,
				3D4A1B862C5F7A8E00F3E2B3 /* Frameworks */,
				3D4A1B872C5F7A8E00F3E2B3 /* Resources */,
			);
			buildRules = (
			);
			dependencies = (
			);
			name = RunstrRewards;
			packageProductDependencies = (
				2D7B72942E48124E0004C5B0 /* Supabase */,
			);
			productName = RunstrRewards;
			productReference = 3D4A1B892C5F7A8E00F3E2B3 /* LevelFitness.app */;
			productType = "com.apple.product-type.application";
		};
/* End PBXNativeTarget section */

/* Begin PBXProject section */
		3D4A1B812C5F7A8E00F3E2B3 /* Project object */ = {
			isa = PBXProject;
			attributes = {
				BuildIndependentTargetsInParallel = 1;
				LastSwiftUpdateCheck = 1600;
				LastUpgradeCheck = 1600;
				TargetAttributes = {
					3D4A1B882C5F7A8E00F3E2B3 = {
						CreatedOnToolsVersion = 16.0;
					};
				};
			};
			buildConfigurationList = 3D4A1B842C5F7A8E00F3E2B3 /* Build configuration list for PBXProject "LevelFitness" */;
			developmentRegion = en;
			hasScannedForEncodings = 0;
			knownRegions = (
				en,
				Base,
			);
			mainGroup = 3D4A1B802C5F7A8E00F3E2B3;
			minimizedProjectReferenceProxies = 1;
			packageReferences = (
				2D7B72932E48124E0004C5AF /* XCRemoteSwiftPackageReference "supabase-swift" */,
			);
			preferredProjectObjectVersion = 77;
			productRefGroup = 3D4A1B8A2C5F7A8E00F3E2B3 /* Products */;
			projectDirPath = "";
			projectRoot = "";
			targets = (
				3D4A1B882C5F7A8E00F3E2B3 /* RunstrRewards */,
			);
		};
/* End PBXProject section */

/* Begin PBXResourcesBuildPhase section */
		3D4A1B872C5F7A8E00F3E2B3 /* Resources */ = {
			isa = PBXResourcesBuildPhase;
			buildActionMask = 2147483647;
			files = (
				3D4A1B942C5F7A8F00F3E2B3 /* Assets.xcassets in Resources */,
				3D4A1B972C5F7A8F00F3E2B3 /* LaunchScreen.storyboard in Resources */,
			);
			runOnlyForDeploymentPostprocessing = 0;
		};
/* End PBXResourcesBuildPhase section */

/* Begin PBXSourcesBuildPhase section */
		3D4A1B852C5F7A8E00F3E2B3 /* Sources */ = {
			isa = PBXSourcesBuildPhase;
			buildActionMask = 2147483647;
			files = (
				3D4A1B8F2C5F7A8E00F3E2B3 /* ViewController.swift in Sources */,
				3D4A1B9F2C5F7AB900F3E2B3 /* DesignSystem.swift in Sources */,
				ICON1234567890ABCDEF1234567890AB /* IconGenerator.swift in Sources */,
				3D4A1BA12C5F7AC500F3E2B3 /* NavigationCard.swift in Sources */,
				74B7CE931B24466CB71BFCAC /* LotteryComingSoonViewController.swift in Sources */,
				3D4A1BA32C5F7AD100F3E2B3 /* StatItem.swift in Sources */,
				3D4A1BA52C5F7ADE00F3E2B3 /* IndustrialBackgroundViews.swift in Sources */,
				3D4A1BA72C5F7B1000F3E2B3 /* TeamsViewController.swift in Sources */,
				3D4A1BA92C5F7B1A00F3E2B3 /* TeamCard.swift in Sources */,
				F2D37378CCBB4F128AD7799A6BBAFC13 /* HealthKitPermissionViewController.swift in Sources */,
				C513601B8BFA4EF3A61F2416121A420F /* OnboardingViewController.swift in Sources */,
				E7EF5ADCEF21404E9BE60F135E80F95A /* UserProfileSetupViewController.swift in Sources */,
				0CDFE0BA1D77489EBA21253C379223F8 /* SettingsViewController.swift in Sources */,
				0FC34FA12F8C426ABCDB08BC43A4101A /* PaymentSheetViewController.swift in Sources */,
				D8A3F2B34E8946C191FD2AC47BB32F8A /* QRCodeDisplayViewController.swift in Sources */,
				380F099FF1C945ED869B55607DEB22A9 /* TeamSubscriptionStatusView.swift in Sources */,
				CA98EED183AC48C8A1CA751E1EC677C9 /* NotificationPermissionViewController.swift in Sources */,
				2117F3C2A3FC48ECBAB89A381C1E90F6 /* TeamDetailViewController.swift in Sources */,
				E3CD46934CE24A40AD2A18E9D61342F3 /* TeamWalletViewController.swift in Sources */,
				480C497EFA494A81B1628DF3EB7DDAD8 /* MessageView.swift in Sources */,
				CCFF508128234567B7DF292F3B2DDC10 /* MessageInputView.swift in Sources */,
				EE2A80B3C0B7449CA243D4333061A535 /* ChallengeCard.swift in Sources */,
				424939540FA242208280E808FB11D618 /* EventCard.swift in Sources */,
				E87FF620924C4D69A271F8ED9EDC6202 /* TeamDetailEventsViewController.swift in Sources */,
				EVENT4455667788990011223344556677 /* EventDetailViewController.swift in Sources */,
				CHAL5566778899001122334455667788 /* ChallengeDetailViewController.swift in Sources */,
				30721DCD95874D4C90D52A769E787456 /* TeamDetailHeaderView.swift in Sources */,
				CFF490A67D8A4DDEA14E79F24C6BBBD6 /* TeamDetailAboutSection.swift in Sources */,
				AABB11223344556677889900AABBCCDD /* TeamDetailTabNavigation.swift in Sources */,
				11223344556677889900AABBCCDDEEFF0 /* EarningsViewController.swift in Sources */,
				22334455667788990AABBCCDDEEFF001 /* WalletBalanceView.swift in Sources */,
				334455667788990AABBCCDDEEFF0011 /* WalletActionButton.swift in Sources */,
				4455667788990AABBCCDDEEFF001122 /* TransactionCard.swift in Sources */,
				55667788990AABBCCDDEEFF00112233 /* TransactionHistoryView.swift in Sources */,
				667788990AABBCCDDEEFF0011223344 /* EarningsHeaderView.swift in Sources */,
				7788990AABBCCDDEEFF001122334455 /* WorkoutsViewController.swift in Sources */,
				8899AABBCCDDEEFF00112233445566 /* WorkoutTabNavigationView.swift in Sources */,
				99AABBCCDDEEFF0011223344556677 /* WorkoutCard.swift in Sources */,
				AABBCCDDEEFF001122334455667788 /* WorkoutSyncSourceCard.swift in Sources */,
				BBCCDDEEFF00112233445566778899 /* WorkoutSyncView.swift in Sources */,
				CCDDEEFF0011223344556677889900 /* WorkoutStatsView.swift in Sources */,
				COMP1122334455667788990011AABBCC /* CompetitionsViewController.swift in Sources */,
				MEMB1122334455667788990011AABBCC /* TeamMembersListView.swift in Sources */,
				ACTV1122334455667788990011AABBCC /* TeamActivityFeedView.swift in Sources */,
				COMP2233445566778899AABBCCDDEE00 /* CompetitionTabNavigationView.swift in Sources */,
				COMP334455667788990AABBCCDDEEFF /* LeagueView.swift in Sources */,
				COMP44556677889900AABBCCDDEEFF1 /* EventsView.swift in Sources */,
				COMP5566778899AABBCCDDEEFF0011 /* LeaderboardItemView.swift in Sources */,
				COMP667788990AABBCCDDEEFF00112 /* StreakCardView.swift in Sources */,
				COMP7788990AABBCCDDEEFF0011223 /* EventCardView.swift in Sources */,
				D613E78D324148849B773D801477004E /* SupabaseService.swift in Sources */,
				C6AA161B00864A709A90C2A82910D3DD /* AuthDataService.swift in Sources */,
				B3889174-2CA8-42ED-A5A5-40C10577FA06 /* WorkoutDataService.swift in Sources */,
				E39BB939-EFB4-4A17-9421-10CE2D43E4EE /* CompetitionDataService.swift in Sources */,
				57A38C02-A0CF-4C37-94B3-1AB20BF2C523 /* TransactionDataService.swift in Sources */,
				D444523B-3161-40AD-88B2-0606F573CA33 /* TeamDataService.swift in Sources */,
				REWARD123456789ABCDEF0011223344 /* WorkoutRewardCalculator.swift in Sources */,
				F274E58B8DB14A08BD0C0B0C7DD64028 /* AuthenticationService.swift in Sources */,
				COIN123456789ABCDEF01234567890AB /* CoinOSService.swift in Sources */,
				LIGHT123456789ABCDEF01234567890B /* LightningWalletManager.swift in Sources */,
				332404E503B442D6AB8B77067842ADCB /* KeychainService.swift in Sources */,
				29FDEE5098FF427BB69D9648A0797E89 /* NotificationService.swift in Sources */,
				HEALTH123456789ABCDEF1234567890AB /* HealthKitService.swift in Sources */,
				ERROR123456789ABCDEF01234567890AB /* ErrorHandlingService.swift in Sources */,
				NETWORK123456789ABCDEF0123456789AB /* NetworkMonitorService.swift in Sources */,
				OFFLINE123456789ABCDEF0123456789AB /* OfflineDataService.swift in Sources */,
				SUBSCR123456789ABCDEF012345678901 /* SubscriptionService.swift in Sources */,
				EVENTS123456789ABCDEF012345678901 /* EventCreationWizardViewController.swift in Sources */,
				EBASI123456789ABCDEF012345678901 /* EventBasicInfoStepViewController.swift in Sources */,
				EMETR123456789ABCDEF012345678901 /* EventMetricsStepViewController.swift in Sources */,
				ESCHE123456789ABCDEF012345678901 /* EventScheduleStepViewController.swift in Sources */,
				EREVI123456789ABCDEF012345678901 /* EventReviewStepViewController.swift in Sources */,
				EMGMT123456789ABCDEF012345678901 /* EventManagementDashboardViewController.swift in Sources */,
				ESTAT123456789ABCDEF012345678901 /* EventStatCard.swift in Sources */,
				ECELL123456789ABCDEF012345678901 /* EventManagementCell.swift in Sources */,
				WIZARD123456789ABCDEF012345678901 /* TeamCreationWizardViewController.swift in Sources */,
				BASIC123456789ABCDEF0123456789012 /* TeamBasicInfoStepViewController.swift in Sources */,
				METRIC123456789ABCDEF012345678901 /* TeamMetricSelectionStepViewController.swift in Sources */,
				LEADER123456789ABCDEF012345678901 /* TeamLeaderboardSetupStepViewController.swift in Sources */,
				REVIEW123456789ABCDEF012345678901 /* TeamReviewStepViewController.swift in Sources */,
				LEAGUE123456789ABCDEF012345678901 /* TeamDetailLeagueViewController.swift in Sources */,
				CONNECTED987654321FEDCBA9876543210 /* ConnectedAppsViewController.swift in Sources */,
				PRIVACY987654321FEDCBA98765432101 /* PrivacySettingsViewController.swift in Sources */,
				HELP987654321FEDCBA987654321012 /* HelpSupportViewController.swift in Sources */,
				WEB987654321FEDCBA9876543210123 /* WebViewController.swift in Sources */,
				BACKGROUND12345678901234567890123 /* BackgroundTaskManager.swift in Sources */,
				6C3CD0FB6D32487196F886829229BEF3 /* AutoEntryService.swift in Sources */,
				2150D462B5584B4C99B32078D12ED8A8 /* EventProgressTracker.swift in Sources */,
				86AA102591B44D0D986DFFC73F971789 /* RealtimeLeaderboardService.swift in Sources */,
				8F796D55CCA343A6AA5915AE331AC1C0 /* EventNotificationService.swift in Sources */,
				FCB896FA291D49A3B8153EDFCB2BEB9B /* TeamPrizeDistributionService.swift in Sources */,
				9BC13758727E4834996A1BB4609D8182 /* CompetitionIntegrationService.swift in Sources */,
				6E935BC9E90A4A3EA3A2FBB32650EEB0 /* EventProgressView.swift in Sources */,
				CEA52A786269446FB6E160F2B0A120D4 /* LiveLeaderboardView.swift in Sources */,
				8AEC544C016E4F229FFDF6ADF3C6E286 /* PrizeDistributionViewController.swift in Sources */,
				93E5069335D94B0C8BCAF6C21F42FD35 /* PrizePoolTrackerView.swift in Sources */,
				92E0D65D21C644E7979DFCE433686FF2 /* MemberPayoutHistoryViewController.swift in Sources */,
				WORKSYNCQUEUE123456789ABCDEF01234 /* WorkoutSyncQueue.swift in Sources */,
				ANTICHEAT123456789ABCDEF0123456789 /* AntiCheatService.swift in Sources */,
				EVENTCRIT123456789ABCDEF012345678 /* EventCriteriaEngine.swift in Sources */,
				LEADERBOARD123456789ABCDEF0123456 /* LeaderboardTracker.swift in Sources */,
				NOTIFICATIONINTEL123456789ABCDEF01 /* NotificationIntelligence.swift in Sources */,
				C75521C627A54C32BB23F04747C93904 /* TeamWalletManager.swift in Sources */,
				DE42FDED15D942AD9989C6FADB52EEEC /* TeamWalletAccessController.swift in Sources */,
				9142EE11903943E194EDFE7B90263D59 /* TeamWalletBalanceView.swift in Sources */,
				AB7C74C0F5414E4C8F3C9DF8BFF84B5C /* TeamWalletFundingViewController.swift in Sources */,
				3D4A1B8D2C5F7A8E00F3E2B3 /* AppDelegate.swift in Sources */,
				LOGIN123456789ABCDEF123456789012 /* LoginViewController.swift in Sources */,
				5861DDCB839345C4B8C2006539B6026F /* WalletSectionView.swift in Sources */,
				E868079477DB4136B5EB9FEFB508FBFB /* NotificationTogglesView.swift in Sources */,
				PROFILE001122334455667788990ABB /* ProfileViewController.swift in Sources */,
				PROFILE112233445566778899AABBCC /* ProfileHeaderView.swift in Sources */,
				PROFILE223344556677889900AABBCC /* ProfileTabNavigationView.swift in Sources */,
				PROFILE334455667788990AABBCCDDE /* ProfileWorkoutsTabView.swift in Sources */,
				PROFILE445566778899AABBCCDDEEF /* ProfileAccountTabView.swift in Sources */,
				PROFILE55667788990AABBCCDDEEFF /* ProfileSyncSourcesView.swift in Sources */,
				PROFILE6677889900AABBCCDDEEFF0 /* ProfileWorkoutHistoryView.swift in Sources */,
				PROFILE77889900AABBCCDDEEFF001 /* ProfileSubscriptionView.swift in Sources */,
				PROFILE8899AABBCCDDEEFF0011223 /* ProfileSupportView.swift in Sources */,
				PROFILE99AABBCCDDEEFF00112233 /* EditProfileViewController.swift in Sources */,
				486D91E00F7E452EB0EB8A05 /* NostrAuthenticationService.swift in Sources */,
				35D13F552C96467B9DB9FE44 /* ImageCacheService.swift in Sources */,
				2738D480759D460F99A86485 /* Nostr1301Service.swift in Sources */,
				9013D237E60D4051B44C443F /* NostrProfileService.swift in Sources */,
				CD2777C803614529B94FE4FE /* NostrWorkoutService.swift in Sources */,
				7B4E418D28F74380B1E18446 /* NostrRelayManager.swift in Sources */,
				C41C6B39BC0942E9981EB1A2 /* NostrKeyManager.swift in Sources */,
				703D82F925EE4365BF1D38C6 /* NostrSDKBridge.swift in Sources */,
				E28330FE75B34A3EBD79CB4C /* WorkoutDeduplicationService.swift in Sources */,
				CAA9BC963B524E5292D835C5 /* CaptainAnnouncementViewController.swift in Sources */,
				F3825EA8512C4339BD6F1261 /* CaptainAnnouncementService.swift in Sources */,
				60DD21352DBC4AA4BB53FB48 /* ProfileSectionView.swift in Sources */,
				8C54414742BB4AD0B13001E9 /* LeagueCreationWizardViewController.swift in Sources */,
				0A4F1922F39242A1B2734171 /* LeagueReviewStepViewController.swift in Sources */,
				4361B0944A0141D39884BA45 /* LeagueSettingsStepViewController.swift in Sources */,
				037B1A7AA126425B9E14040C /* LeagueSchedulerService.swift in Sources */,
				6CBFC352CB4944B99A63E751 /* EventBasicDetailsViewController.swift in Sources */,
				57DDC31ED8464B088F997D5E /* EventPresetSelectionViewController.swift in Sources */,
				548C2EA6-B7EC-41AC-B7E5-BEA6B656D7C6 /* P2PChallengeService.swift in Sources */,
				15CD1DEA-4827-4E42-9628-A0BD63200534 /* CreateChallengeViewController.swift in Sources */,
				257CC308-C810-489B-9FD9-42E9951E0DA0 /* P2PChallengeCard.swift in Sources */,
			);
			runOnlyForDeploymentPostprocessing = 0;
		};
/* End PBXSourcesBuildPhase section */

/* Begin PBXVariantGroup section */
		3D4A1B952C5F7A8F00F3E2B3 /* LaunchScreen.storyboard */ = {
			isa = PBXVariantGroup;
			children = (
				3D4A1B962C5F7A8F00F3E2B3 /* Base */,
			);
			name = LaunchScreen.storyboard;
			sourceTree = "<group>";
		};
/* End PBXVariantGroup section */

/* Begin XCBuildConfiguration section */
		3D4A1B992C5F7A8F00F3E2B3 /* Debug */ = {
			isa = XCBuildConfiguration;
			buildSettings = {
				ALWAYS_SEARCH_USER_PATHS = NO;
				ASSETCATALOG_COMPILER_GENERATE_SWIFT_ASSET_SYMBOL_EXTENSIONS = YES;
				CLANG_ANALYZER_NONNULL = YES;
				CLANG_ANALYZER_NUMBER_OBJECT_CONVERSION = YES_AGGRESSIVE;
				CLANG_CXX_LANGUAGE_STANDARD = "gnu++20";
				CLANG_ENABLE_MODULES = YES;
				CLANG_ENABLE_OBJC_ARC = YES;
				CLANG_ENABLE_OBJC_WEAK = YES;
				CLANG_WARN_BLOCK_CAPTURE_AUTORELEASING = YES;
				CLANG_WARN_BOOL_CONVERSION = YES;
				CLANG_WARN_COMMA = YES;
				CLANG_WARN_CONSTANT_CONVERSION = YES;
				CLANG_WARN_DEPRECATED_OBJC_IMPLEMENTATIONS = YES;
				CLANG_WARN_DIRECT_OBJC_ISA_USAGE = YES_ERROR;
				CLANG_WARN_DOCUMENTATION_COMMENTS = YES;
				CLANG_WARN_EMPTY_BODY = YES;
				CLANG_WARN_ENUM_CONVERSION = YES;
				CLANG_WARN_INFINITE_RECURSION = YES;
				CLANG_WARN_INT_CONVERSION = YES;
				CLANG_WARN_NON_LITERAL_NULL_CONVERSION = YES;
				CLANG_WARN_OBJC_IMPLICIT_RETAIN_SELF = YES;
				CLANG_WARN_OBJC_LITERAL_CONVERSION = YES;
				CLANG_WARN_OBJC_ROOT_CLASS = YES_ERROR;
				CLANG_WARN_QUOTED_INCLUDE_IN_FRAMEWORK_HEADER = YES;
				CLANG_WARN_RANGE_LOOP_ANALYSIS = YES;
				CLANG_WARN_STRICT_PROTOTYPES = YES;
				CLANG_WARN_SUSPICIOUS_MOVE = YES;
				CLANG_WARN_UNGUARDED_AVAILABILITY = YES_AGGRESSIVE;
				CLANG_WARN_UNREACHABLE_CODE = YES;
				CLANG_WARN__DUPLICATE_METHOD_MATCH = YES;
				COPY_PHASE_STRIP = NO;
				DEBUG_INFORMATION_FORMAT = dwarf;
				ENABLE_STRICT_OBJC_MSGSEND = YES;
				ENABLE_TESTABILITY = YES;
				ENABLE_USER_SCRIPT_SANDBOXING = YES;
				GCC_C_LANGUAGE_STANDARD = gnu17;
				GCC_DYNAMIC_NO_PIC = NO;
				GCC_NO_COMMON_BLOCKS = YES;
				GCC_OPTIMIZATION_LEVEL = 0;
				GCC_PREPROCESSOR_DEFINITIONS = (
					"DEBUG=1",
					"$(inherited)",
				);
				GCC_WARN_64_TO_32_BIT_CONVERSION = YES;
				GCC_WARN_ABOUT_RETURN_TYPE = YES_ERROR;
				GCC_WARN_UNDECLARED_SELECTOR = YES;
				GCC_WARN_UNINITIALIZED_AUTOS = YES_AGGRESSIVE;
				GCC_WARN_UNUSED_FUNCTION = YES;
				GCC_WARN_UNUSED_VARIABLE = YES;
				IPHONEOS_DEPLOYMENT_TARGET = 18.5;
				LOCALIZATION_PREFERS_STRING_CATALOGS = YES;
				MTL_ENABLE_DEBUG_INFO = INCLUDE_SOURCE;
				MTL_FAST_MATH = YES;
				ONLY_ACTIVE_ARCH = YES;
				SDKROOT = iphoneos;
				SWIFT_ACTIVE_COMPILATION_CONDITIONS = "DEBUG $(inherited)";
				SWIFT_OPTIMIZATION_LEVEL = "-Onone";
			};
			name = Debug;
		};
		3D4A1B9A2C5F7A8F00F3E2B3 /* Release */ = {
			isa = XCBuildConfiguration;
			buildSettings = {
				ALWAYS_SEARCH_USER_PATHS = NO;
				ASSETCATALOG_COMPILER_GENERATE_SWIFT_ASSET_SYMBOL_EXTENSIONS = YES;
				CLANG_ANALYZER_NONNULL = YES;
				CLANG_ANALYZER_NUMBER_OBJECT_CONVERSION = YES_AGGRESSIVE;
				CLANG_CXX_LANGUAGE_STANDARD = "gnu++20";
				CLANG_ENABLE_MODULES = YES;
				CLANG_ENABLE_OBJC_ARC = YES;
				CLANG_ENABLE_OBJC_WEAK = YES;
				CLANG_WARN_BLOCK_CAPTURE_AUTORELEASING = YES;
				CLANG_WARN_BOOL_CONVERSION = YES;
				CLANG_WARN_COMMA = YES;
				CLANG_WARN_CONSTANT_CONVERSION = YES;
				CLANG_WARN_DEPRECATED_OBJC_IMPLEMENTATIONS = YES;
				CLANG_WARN_DIRECT_OBJC_ISA_USAGE = YES_ERROR;
				CLANG_WARN_DOCUMENTATION_COMMENTS = YES;
				CLANG_WARN_EMPTY_BODY = YES;
				CLANG_WARN_ENUM_CONVERSION = YES;
				CLANG_WARN_INFINITE_RECURSION = YES;
				CLANG_WARN_INT_CONVERSION = YES;
				CLANG_WARN_NON_LITERAL_NULL_CONVERSION = YES;
				CLANG_WARN_OBJC_IMPLICIT_RETAIN_SELF = YES;
				CLANG_WARN_OBJC_LITERAL_CONVERSION = YES;
				CLANG_WARN_OBJC_ROOT_CLASS = YES_ERROR;
				CLANG_WARN_QUOTED_INCLUDE_IN_FRAMEWORK_HEADER = YES;
				CLANG_WARN_RANGE_LOOP_ANALYSIS = YES;
				CLANG_WARN_STRICT_PROTOTYPES = YES;
				CLANG_WARN_SUSPICIOUS_MOVE = YES;
				CLANG_WARN_UNGUARDED_AVAILABILITY = YES_AGGRESSIVE;
				CLANG_WARN_UNREACHABLE_CODE = YES;
				CLANG_WARN__DUPLICATE_METHOD_MATCH = YES;
				COPY_PHASE_STRIP = NO;
				DEBUG_INFORMATION_FORMAT = "dwarf-with-dsym";
				ENABLE_NS_ASSERTIONS = NO;
				ENABLE_STRICT_OBJC_MSGSEND = YES;
				ENABLE_USER_SCRIPT_SANDBOXING = YES;
				GCC_C_LANGUAGE_STANDARD = gnu17;
				GCC_NO_COMMON_BLOCKS = YES;
				GCC_WARN_64_TO_32_BIT_CONVERSION = YES;
				GCC_WARN_ABOUT_RETURN_TYPE = YES_ERROR;
				GCC_WARN_UNDECLARED_SELECTOR = YES;
				GCC_WARN_UNINITIALIZED_AUTOS = YES_AGGRESSIVE;
				GCC_WARN_UNUSED_FUNCTION = YES;
				GCC_WARN_UNUSED_VARIABLE = YES;
				IPHONEOS_DEPLOYMENT_TARGET = 18.5;
				LOCALIZATION_PREFERS_STRING_CATALOGS = YES;
				MTL_ENABLE_DEBUG_INFO = NO;
				MTL_FAST_MATH = YES;
				SDKROOT = iphoneos;
				SWIFT_COMPILATION_MODE = wholemodule;
				VALIDATE_PRODUCT = YES;
			};
			name = Release;
		};
		3D4A1B9C2C5F7A8F00F3E2B3 /* Debug */ = {
			isa = XCBuildConfiguration;
			buildSettings = {
				ASSETCATALOG_COMPILER_APPICON_NAME = AppIcon;
				ASSETCATALOG_COMPILER_GLOBAL_ACCENT_COLOR_NAME = AccentColor;
				CODE_SIGN_ENTITLEMENTS = RunstrRewards/App/RunstrRewards.entitlements;
				CODE_SIGN_STYLE = Automatic;
				CURRENT_PROJECT_VERSION = 1;
				DEVELOPMENT_TEAM = SF8967F5M9;
				GENERATE_INFOPLIST_FILE = YES;
				INFOPLIST_FILE = RunstrRewards/App/Info.plist;
				INFOPLIST_KEY_UIApplicationSupportsIndirectInputEvents = YES;
				INFOPLIST_KEY_UILaunchStoryboardName = LaunchScreen;
				INFOPLIST_KEY_UISupportedInterfaceOrientations_iPad = "UIInterfaceOrientationPortrait UIInterfaceOrientationPortraitUpsideDown UIInterfaceOrientationLandscapeLeft UIInterfaceOrientationLandscapeRight";
				INFOPLIST_KEY_UISupportedInterfaceOrientations_iPhone = "UIInterfaceOrientationPortrait UIInterfaceOrientationLandscapeLeft UIInterfaceOrientationLandscapeRight";
				IPHONEOS_DEPLOYMENT_TARGET = 15.0;
				LD_RUNPATH_SEARCH_PATHS = (
					"$(inherited)",
					"@executable_path/Frameworks",
				);
				MARKETING_VERSION = 1.0;
				PRODUCT_BUNDLE_IDENTIFIER = com.runstr.rewards;
				PRODUCT_NAME = "$(TARGET_NAME)";
				SWIFT_EMIT_LOC_STRINGS = YES;
				SWIFT_VERSION = 5.0;
				TARGETED_DEVICE_FAMILY = "1,2";
			};
			name = Debug;
		};
		3D4A1B9D2C5F7A8F00F3E2B3 /* Release */ = {
			isa = XCBuildConfiguration;
			buildSettings = {
				ASSETCATALOG_COMPILER_APPICON_NAME = AppIcon;
				ASSETCATALOG_COMPILER_GLOBAL_ACCENT_COLOR_NAME = AccentColor;
				CODE_SIGN_ENTITLEMENTS = RunstrRewards/App/RunstrRewards.entitlements;
				CODE_SIGN_STYLE = Automatic;
				CURRENT_PROJECT_VERSION = 1;
				DEVELOPMENT_TEAM = SF8967F5M9;
				GENERATE_INFOPLIST_FILE = YES;
				INFOPLIST_FILE = RunstrRewards/App/Info.plist;
				INFOPLIST_KEY_UIApplicationSupportsIndirectInputEvents = YES;
				INFOPLIST_KEY_UILaunchStoryboardName = LaunchScreen;
				INFOPLIST_KEY_UISupportedInterfaceOrientations_iPad = "UIInterfaceOrientationPortrait UIInterfaceOrientationPortraitUpsideDown UIInterfaceOrientationLandscapeLeft UIInterfaceOrientationLandscapeRight";
				INFOPLIST_KEY_UISupportedInterfaceOrientations_iPhone = "UIInterfaceOrientationPortrait UIInterfaceOrientationLandscapeLeft UIInterfaceOrientationLandscapeRight";
				IPHONEOS_DEPLOYMENT_TARGET = 15.0;
				LD_RUNPATH_SEARCH_PATHS = (
					"$(inherited)",
					"@executable_path/Frameworks",
				);
				MARKETING_VERSION = 1.0;
				PRODUCT_BUNDLE_IDENTIFIER = com.runstr.rewards;
				PRODUCT_NAME = "$(TARGET_NAME)";
				SWIFT_EMIT_LOC_STRINGS = YES;
				SWIFT_VERSION = 5.0;
				TARGETED_DEVICE_FAMILY = "1,2";
			};
			name = Release;
		};
/* End XCBuildConfiguration section */

/* Begin XCConfigurationList section */
		3D4A1B842C5F7A8E00F3E2B3 /* Build configuration list for PBXProject "LevelFitness" */ = {
			isa = XCConfigurationList;
			buildConfigurations = (
				3D4A1B992C5F7A8F00F3E2B3 /* Debug */,
				3D4A1B9A2C5F7A8F00F3E2B3 /* Release */,
			);
			defaultConfigurationIsVisible = 0;
			defaultConfigurationName = Release;
		};
		3D4A1B9B2C5F7A8F00F3E2B3 /* Build configuration list for PBXNativeTarget "RunstrRewards" */ = {
			isa = XCConfigurationList;
			buildConfigurations = (
				3D4A1B9C2C5F7A8F00F3E2B3 /* Debug */,
				3D4A1B9D2C5F7A8F00F3E2B3 /* Release */,
			);
			defaultConfigurationIsVisible = 0;
			defaultConfigurationName = Release;
		};
/* End XCConfigurationList section */

/* Begin XCRemoteSwiftPackageReference section */
		2D7B72932E48124E0004C5AF /* XCRemoteSwiftPackageReference "supabase-swift" */ = {
			isa = XCRemoteSwiftPackageReference;
			repositoryURL = "https://github.com/supabase/supabase-swift";
			requirement = {
				kind = upToNextMajorVersion;
				minimumVersion = 2.5.1;
			};
		};
/* End XCRemoteSwiftPackageReference section */

/* Begin XCSwiftPackageProductDependency section */
		2D7B72942E48124E0004C5B0 /* Supabase */ = {
			isa = XCSwiftPackageProductDependency;
			package = 2D7B72932E48124E0004C5AF /* XCRemoteSwiftPackageReference "supabase-swift" */;
			productName = Supabase;
		};
/* End XCSwiftPackageProductDependency section */
	};
	rootObject = 3D4A1B812C5F7A8E00F3E2B3 /* Project object */;
}
