// !$*UTF8*$!
{
	archiveVersion = 1;
	classes = {
	};
	objectVersion = 77;
	objects = {

/* Begin PBXBuildFile section */
		3D4A1B8D2C5F7A8E00F3E2B3 /* AppDelegate.swift in Sources */ = {isa = PBXBuildFile; fileRef = 3D4A1B8C2C5F7A8E00F3E2B3 /* AppDelegate.swift */; };
		LOGIN123456789ABCDEF123456789012 /* LoginViewController.swift in Sources */ = {isa = PBXBuildFile; fileRef = LOGIN987654321FEDCBA987654321098 /* LoginViewController.swift */; };
		3D4A1B8F2C5F7A8E00F3E2B3 /* ViewController.swift in Sources */ = {isa = PBXBuildFile; fileRef = 3D4A1B8E2C5F7A8E00F3E2B3 /* ViewController.swift */; };
		3D4A1B942C5F7A8F00F3E2B3 /* Assets.xcassets in Resources */ = {isa = PBXBuildFile; fileRef = 3D4A1B932C5F7A8F00F3E2B3 /* Assets.xcassets */; };
		3D4A1B972C5F7A8F00F3E2B3 /* LaunchScreen.storyboard in Resources */ = {isa = PBXBuildFile; fileRef = 3D4A1B952C5F7A8F00F3E2B3 /* LaunchScreen.storyboard */; };
		3D4A1B9F2C5F7AB900F3E2B3 /* DesignSystem.swift in Sources */ = {isa = PBXBuildFile; fileRef = 3D4A1B9E2C5F7AB900F3E2B3 /* DesignSystem.swift */; };
		3D4A1BA12C5F7AC500F3E2B3 /* NavigationCard.swift in Sources */ = {isa = PBXBuildFile; fileRef = 3D4A1BA02C5F7AC500F3E2B3 /* NavigationCard.swift */; };
		3D4A1BA32C5F7AD100F3E2B3 /* StatItem.swift in Sources */ = {isa = PBXBuildFile; fileRef = 3D4A1BA22C5F7AD100F3E2B3 /* StatItem.swift */; };
		3D4A1BA52C5F7ADE00F3E2B3 /* IndustrialBackgroundViews.swift in Sources */ = {isa = PBXBuildFile; fileRef = 3D4A1BA42C5F7ADE00F3E2B3 /* IndustrialBackgroundViews.swift */; };
		3D4A1BA72C5F7B1000F3E2B3 /* TeamsViewController.swift in Sources */ = {isa = PBXBuildFile; fileRef = 3D4A1BA62C5F7B1000F3E2B3 /* TeamsViewController.swift */; };
		3D4A1BA92C5F7B1A00F3E2B3 /* TeamCard.swift in Sources */ = {isa = PBXBuildFile; fileRef = 3D4A1BA82C5F7B1A00F3E2B3 /* TeamCard.swift */; };
		2117F3C2A3FC48ECBAB89A381C1E90F6 /* TeamDetailViewController.swift in Sources */ = {isa = PBXBuildFile; fileRef = 00659AAD7E444446B1DB9B539DE9216A /* TeamDetailViewController.swift */; };
		480C497EFA494A81B1628DF3EB7DDAD8 /* MessageView.swift in Sources */ = {isa = PBXBuildFile; fileRef = E2B60D5CE514427DA660A3D66F3DCF04 /* MessageView.swift */; };
		CCFF508128234567B7DF292F3B2DDC10 /* MessageInputView.swift in Sources */ = {isa = PBXBuildFile; fileRef = 25CD67441C2849C092B9FF72E3D013BA /* MessageInputView.swift */; };
		EE2A80B3C0B7449CA243D4333061A535 /* ChallengeCard.swift in Sources */ = {isa = PBXBuildFile; fileRef = 5801F4E4750540CABC6C94EBB8DD0B79 /* ChallengeCard.swift */; };
		424939540FA242208280E808FB11D618 /* EventCard.swift in Sources */ = {isa = PBXBuildFile; fileRef = 382EA177BF544287894A2965A64DBEBA /* EventCard.swift */; };
		136A03D2FFEC45DA932F5FD57E76081A /* TeamDetailChatViewController.swift in Sources */ = {isa = PBXBuildFile; fileRef = 756D64652432492F8611D7B8B43FC86E /* TeamDetailChatViewController.swift */; };
		51F169A39FA7430097A6BD5C49FA204B /* TeamDetailChallengesViewController.swift in Sources */ = {isa = PBXBuildFile; fileRef = E052336717CE4E698348BD7D33E29F96 /* TeamDetailChallengesViewController.swift */; };
		E87FF620924C4D69A271F8ED9EDC6202 /* TeamDetailEventsViewController.swift in Sources */ = {isa = PBXBuildFile; fileRef = BCB683446B2F4C6397E096106C4813E9 /* TeamDetailEventsViewController.swift */; };
		30721DCD95874D4C90D52A769E787456 /* TeamDetailHeaderView.swift in Sources */ = {isa = PBXBuildFile; fileRef = 5CD455CE98D440A6BEFF739E6453EF03 /* TeamDetailHeaderView.swift */; };
		CFF490A67D8A4DDEA14E79F24C6BBBD6 /* TeamDetailAboutSection.swift in Sources */ = {isa = PBXBuildFile; fileRef = 8579AB0D8AC14317BA37877636217187 /* TeamDetailAboutSection.swift */; };
		AABB11223344556677889900AABBCCDD /* TeamDetailTabNavigation.swift in Sources */ = {isa = PBXBuildFile; fileRef = DDEEFF00112233445566778899AABBCC /* TeamDetailTabNavigation.swift */; };
	11223344556677889900AABBCCDDEEFF0 /* EarningsViewController.swift in Sources */ = {isa = PBXBuildFile; fileRef = FFEEDDCCBBAA99887766554433221100 /* EarningsViewController.swift */; };
	22334455667788990AABBCCDDEEFF001 /* WalletBalanceView.swift in Sources */ = {isa = PBXBuildFile; fileRef = 0011FFEEDDCCBBAA998877665544332 /* WalletBalanceView.swift */; };
	334455667788990AABBCCDDEEFF0011 /* WalletActionButton.swift in Sources */ = {isa = PBXBuildFile; fileRef = 11002FFEEDDCCBBAA9988776655443 /* WalletActionButton.swift */; };
	4455667788990AABBCCDDEEFF001122 /* TransactionCard.swift in Sources */ = {isa = PBXBuildFile; fileRef = 221100FFEEDDCCBBAA99887766554 /* TransactionCard.swift */; };
	55667788990AABBCCDDEEFF00112233 /* TransactionHistoryView.swift in Sources */ = {isa = PBXBuildFile; fileRef = 332211FFEEDDCCBBAA9988776655 /* TransactionHistoryView.swift */; };
	667788990AABBCCDDEEFF0011223344 /* EarningsHeaderView.swift in Sources */ = {isa = PBXBuildFile; fileRef = 4433221FFEEDDCCBBAA998877665 /* EarningsHeaderView.swift */; };
	7788990AABBCCDDEEFF001122334455 /* WorkoutsViewController.swift in Sources */ = {isa = PBXBuildFile; fileRef = 55443322FFEEDDCCBBAA99887766 /* WorkoutsViewController.swift */; };
	8899AABBCCDDEEFF00112233445566 /* WorkoutTabNavigationView.swift in Sources */ = {isa = PBXBuildFile; fileRef = 6655443FFEEDDCCBBAA998877667 /* WorkoutTabNavigationView.swift */; };
	99AABBCCDDEEFF0011223344556677 /* WorkoutCard.swift in Sources */ = {isa = PBXBuildFile; fileRef = 77665544FFEEDDCCBBAA99887766 /* WorkoutCard.swift */; };
	AABBCCDDEEFF001122334455667788 /* WorkoutSyncSourceCard.swift in Sources */ = {isa = PBXBuildFile; fileRef = 88776655FFEEDDCCBBAA99887765 /* WorkoutSyncSourceCard.swift */; };
	BBCCDDEEFF00112233445566778899 /* WorkoutSyncView.swift in Sources */ = {isa = PBXBuildFile; fileRef = 99887766FFEEDDCCBBAA99887764 /* WorkoutSyncView.swift */; };
	CCDDEEFF0011223344556677889900 /* WorkoutStatsView.swift in Sources */ = {isa = PBXBuildFile; fileRef = AABBCCDDEEFF001122334455663 /* WorkoutStatsView.swift */; };
	DDEEFF001122334455667788990011 /* WorkoutCoachView.swift in Sources */ = {isa = PBXBuildFile; fileRef = BBCCDDEEFF001122334455662 /* WorkoutCoachView.swift */; };
	COMP1122334455667788990011AABBCC /* CompetitionsViewController.swift in Sources */ = {isa = PBXBuildFile; fileRef = COMP1111222233334444555566667777 /* CompetitionsViewController.swift */; };
	COMP2233445566778899AABBCCDDEE00 /* CompetitionTabNavigationView.swift in Sources */ = {isa = PBXBuildFile; fileRef = COMP2222333344445555666677778888 /* CompetitionTabNavigationView.swift */; };
	COMP334455667788990AABBCCDDEEFF /* LeagueView.swift in Sources */ = {isa = PBXBuildFile; fileRef = COMP3333444455556666777788889999 /* LeagueView.swift */; };
	COMP44556677889900AABBCCDDEEFF1 /* EventsView.swift in Sources */ = {isa = PBXBuildFile; fileRef = COMP4444555566667777888899990000 /* EventsView.swift */; };
	COMP5566778899AABBCCDDEEFF0011 /* LeaderboardItemView.swift in Sources */ = {isa = PBXBuildFile; fileRef = COMP5555666677778888999900001111 /* LeaderboardItemView.swift */; };
	COMP667788990AABBCCDDEEFF00112 /* StreakCardView.swift in Sources */ = {isa = PBXBuildFile; fileRef = COMP6666777788889999000011112222 /* StreakCardView.swift */; };
	COMP7788990AABBCCDDEEFF0011223 /* EventCardView.swift in Sources */ = {isa = PBXBuildFile; fileRef = COMP7777888899990000111122223333 /* EventCardView.swift */; };
	COMP8899AABBCCDDEEFF001122334 /* ChatMessageView.swift in Sources */ = {isa = PBXBuildFile; fileRef = COMP8888999900001111222233334444 /* ChatMessageView.swift */; };
/* End PBXBuildFile section */

/* Begin PBXFileReference section */
		3D4A1B892C5F7A8E00F3E2B3 /* LevelFitness.app */ = {isa = PBXFileReference; explicitFileType = wrapper.application; includeInIndex = 0; path = LevelFitness.app; sourceTree = BUILT_PRODUCTS_DIR; };
		3D4A1B8C2C5F7A8E00F3E2B3 /* AppDelegate.swift */ = {isa = PBXFileReference; lastKnownFileType = sourcecode.swift; path = AppDelegate.swift; sourceTree = "<group>"; };
		LOGIN987654321FEDCBA987654321098 /* LoginViewController.swift */ = {isa = PBXFileReference; lastKnownFileType = sourcecode.swift; path = LoginViewController.swift; sourceTree = "<group>"; };
		3D4A1B8E2C5F7A8E00F3E2B3 /* ViewController.swift */ = {isa = PBXFileReference; lastKnownFileType = sourcecode.swift; path = ViewController.swift; sourceTree = "<group>"; };
		3D4A1B932C5F7A8F00F3E2B3 /* Assets.xcassets */ = {isa = PBXFileReference; lastKnownFileType = folder.assetcatalog; path = Assets.xcassets; sourceTree = "<group>"; };
		3D4A1B962C5F7A8F00F3E2B3 /* Base */ = {isa = PBXFileReference; lastKnownFileType = file.storyboard; name = Base; path = Base.lproj/LaunchScreen.storyboard; sourceTree = "<group>"; };
		3D4A1B982C5F7A8F00F3E2B3 /* Info.plist */ = {isa = PBXFileReference; lastKnownFileType = text.plist.xml; path = Info.plist; sourceTree = "<group>"; };
		3D4A1B9E2C5F7AB900F3E2B3 /* DesignSystem.swift */ = {isa = PBXFileReference; lastKnownFileType = sourcecode.swift; path = DesignSystem.swift; sourceTree = "<group>"; };
		3D4A1BA02C5F7AC500F3E2B3 /* NavigationCard.swift */ = {isa = PBXFileReference; lastKnownFileType = sourcecode.swift; path = NavigationCard.swift; sourceTree = "<group>"; };
		3D4A1BA22C5F7AD100F3E2B3 /* StatItem.swift */ = {isa = PBXFileReference; lastKnownFileType = sourcecode.swift; path = StatItem.swift; sourceTree = "<group>"; };
		3D4A1BA42C5F7ADE00F3E2B3 /* IndustrialBackgroundViews.swift */ = {isa = PBXFileReference; lastKnownFileType = sourcecode.swift; path = IndustrialBackgroundViews.swift; sourceTree = "<group>"; };
		3D4A1BA62C5F7B1000F3E2B3 /* TeamsViewController.swift */ = {isa = PBXFileReference; lastKnownFileType = sourcecode.swift; path = TeamsViewController.swift; sourceTree = "<group>"; };
		3D4A1BA82C5F7B1A00F3E2B3 /* TeamCard.swift */ = {isa = PBXFileReference; lastKnownFileType = sourcecode.swift; path = TeamCard.swift; sourceTree = "<group>"; };
		00659AAD7E444446B1DB9B539DE9216A /* TeamDetailViewController.swift */ = {isa = PBXFileReference; lastKnownFileType = sourcecode.swift; path = TeamDetailViewController.swift; sourceTree = "<group>"; };
		E2B60D5CE514427DA660A3D66F3DCF04 /* MessageView.swift */ = {isa = PBXFileReference; lastKnownFileType = sourcecode.swift; path = MessageView.swift; sourceTree = "<group>"; };
		25CD67441C2849C092B9FF72E3D013BA /* MessageInputView.swift */ = {isa = PBXFileReference; lastKnownFileType = sourcecode.swift; path = MessageInputView.swift; sourceTree = "<group>"; };
		5801F4E4750540CABC6C94EBB8DD0B79 /* ChallengeCard.swift */ = {isa = PBXFileReference; lastKnownFileType = sourcecode.swift; path = ChallengeCard.swift; sourceTree = "<group>"; };
		382EA177BF544287894A2965A64DBEBA /* EventCard.swift */ = {isa = PBXFileReference; lastKnownFileType = sourcecode.swift; path = EventCard.swift; sourceTree = "<group>"; };
		756D64652432492F8611D7B8B43FC86E /* TeamDetailChatViewController.swift */ = {isa = PBXFileReference; lastKnownFileType = sourcecode.swift; path = TeamDetailChatViewController.swift; sourceTree = "<group>"; };
		E052336717CE4E698348BD7D33E29F96 /* TeamDetailChallengesViewController.swift */ = {isa = PBXFileReference; lastKnownFileType = sourcecode.swift; path = TeamDetailChallengesViewController.swift; sourceTree = "<group>"; };
		BCB683446B2F4C6397E096106C4813E9 /* TeamDetailEventsViewController.swift */ = {isa = PBXFileReference; lastKnownFileType = sourcecode.swift; path = TeamDetailEventsViewController.swift; sourceTree = "<group>"; };
		5CD455CE98D440A6BEFF739E6453EF03 /* TeamDetailHeaderView.swift */ = {isa = PBXFileReference; lastKnownFileType = sourcecode.swift; path = TeamDetailHeaderView.swift; sourceTree = "<group>"; };
		8579AB0D8AC14317BA37877636217187 /* TeamDetailAboutSection.swift */ = {isa = PBXFileReference; lastKnownFileType = sourcecode.swift; path = TeamDetailAboutSection.swift; sourceTree = "<group>"; };
		DDEEFF00112233445566778899AABBCC /* TeamDetailTabNavigation.swift */ = {isa = PBXFileReference; lastKnownFileType = sourcecode.swift; path = TeamDetailTabNavigation.swift; sourceTree = "<group>"; };
	FFEEDDCCBBAA99887766554433221100 /* EarningsViewController.swift */ = {isa = PBXFileReference; lastKnownFileType = sourcecode.swift; path = EarningsViewController.swift; sourceTree = "<group>"; };
	0011FFEEDDCCBBAA998877665544332 /* WalletBalanceView.swift */ = {isa = PBXFileReference; lastKnownFileType = sourcecode.swift; path = WalletBalanceView.swift; sourceTree = "<group>"; };
	11002FFEEDDCCBBAA9988776655443 /* WalletActionButton.swift */ = {isa = PBXFileReference; lastKnownFileType = sourcecode.swift; path = WalletActionButton.swift; sourceTree = "<group>"; };
	221100FFEEDDCCBBAA99887766554 /* TransactionCard.swift */ = {isa = PBXFileReference; lastKnownFileType = sourcecode.swift; path = TransactionCard.swift; sourceTree = "<group>"; };
	332211FFEEDDCCBBAA9988776655 /* TransactionHistoryView.swift */ = {isa = PBXFileReference; lastKnownFileType = sourcecode.swift; path = TransactionHistoryView.swift; sourceTree = "<group>"; };
	4433221FFEEDDCCBBAA998877665 /* EarningsHeaderView.swift */ = {isa = PBXFileReference; lastKnownFileType = sourcecode.swift; path = EarningsHeaderView.swift; sourceTree = "<group>"; };
	55443322FFEEDDCCBBAA99887766 /* WorkoutsViewController.swift */ = {isa = PBXFileReference; lastKnownFileType = sourcecode.swift; path = WorkoutsViewController.swift; sourceTree = "<group>"; };
	6655443FFEEDDCCBBAA998877667 /* WorkoutTabNavigationView.swift */ = {isa = PBXFileReference; lastKnownFileType = sourcecode.swift; path = WorkoutTabNavigationView.swift; sourceTree = "<group>"; };
	77665544FFEEDDCCBBAA99887766 /* WorkoutCard.swift */ = {isa = PBXFileReference; lastKnownFileType = sourcecode.swift; path = WorkoutCard.swift; sourceTree = "<group>"; };
	88776655FFEEDDCCBBAA99887765 /* WorkoutSyncSourceCard.swift */ = {isa = PBXFileReference; lastKnownFileType = sourcecode.swift; path = WorkoutSyncSourceCard.swift; sourceTree = "<group>"; };
	99887766FFEEDDCCBBAA99887764 /* WorkoutSyncView.swift */ = {isa = PBXFileReference; lastKnownFileType = sourcecode.swift; path = WorkoutSyncView.swift; sourceTree = "<group>"; };
	AABBCCDDEEFF001122334455663 /* WorkoutStatsView.swift */ = {isa = PBXFileReference; lastKnownFileType = sourcecode.swift; path = WorkoutStatsView.swift; sourceTree = "<group>"; };
	BBCCDDEEFF001122334455662 /* WorkoutCoachView.swift */ = {isa = PBXFileReference; lastKnownFileType = sourcecode.swift; path = WorkoutCoachView.swift; sourceTree = "<group>"; };
	COMP1111222233334444555566667777 /* CompetitionsViewController.swift */ = {isa = PBXFileReference; lastKnownFileType = sourcecode.swift; path = CompetitionsViewController.swift; sourceTree = "<group>"; };
	COMP2222333344445555666677778888 /* CompetitionTabNavigationView.swift */ = {isa = PBXFileReference; lastKnownFileType = sourcecode.swift; path = CompetitionTabNavigationView.swift; sourceTree = "<group>"; };
	COMP3333444455556666777788889999 /* LeagueView.swift */ = {isa = PBXFileReference; lastKnownFileType = sourcecode.swift; path = LeagueView.swift; sourceTree = "<group>"; };
	COMP4444555566667777888899990000 /* EventsView.swift */ = {isa = PBXFileReference; lastKnownFileType = sourcecode.swift; path = EventsView.swift; sourceTree = "<group>"; };
	COMP5555666677778888999900001111 /* LeaderboardItemView.swift */ = {isa = PBXFileReference; lastKnownFileType = sourcecode.swift; path = LeaderboardItemView.swift; sourceTree = "<group>"; };
	COMP6666777788889999000011112222 /* StreakCardView.swift */ = {isa = PBXFileReference; lastKnownFileType = sourcecode.swift; path = StreakCardView.swift; sourceTree = "<group>"; };
	COMP7777888899990000111122223333 /* EventCardView.swift */ = {isa = PBXFileReference; lastKnownFileType = sourcecode.swift; path = EventCardView.swift; sourceTree = "<group>"; };
	COMP8888999900001111222233334444 /* ChatMessageView.swift */ = {isa = PBXFileReference; lastKnownFileType = sourcecode.swift; path = ChatMessageView.swift; sourceTree = "<group>"; };
/* End PBXFileReference section */

/* Begin PBXFrameworksBuildPhase section */
		3D4A1B862C5F7A8E00F3E2B3 /* Frameworks */ = {
			isa = PBXFrameworksBuildPhase;
			buildActionMask = 2147483647;
			files = (
			);
			runOnlyForDeploymentPostprocessing = 0;
		};
/* End PBXFrameworksBuildPhase section */

/* Begin PBXGroup section */
		3D4A1B802C5F7A8E00F3E2B3 = {
			isa = PBXGroup;
			children = (
				3D4A1B8B2C5F7A8E00F3E2B3 /* LevelFitness */,
				3D4A1B8A2C5F7A8E00F3E2B3 /* Products */,
				CLUADE_MD /* CLAUDE.md */,
			);
			sourceTree = "<group>";
		};
		3D4A1B8A2C5F7A8E00F3E2B3 /* Products */ = {
			isa = PBXGroup;
			children = (
				3D4A1B892C5F7A8E00F3E2B3 /* LevelFitness.app */,
			);
			name = Products;
			sourceTree = "<group>";
		};
		3D4A1B8B2C5F7A8E00F3E2B3 /* LevelFitness */ = {
			isa = PBXGroup;
			children = (
				3D4A1B8C2C5F7A8E00F3E2B3 /* AppDelegate.swift */,
				LOGIN987654321FEDCBA987654321098 /* LoginViewController.swift */,
				3D4A1B8E2C5F7A8E00F3E2B3 /* ViewController.swift */,
				3D4A1B9E2C5F7AB900F3E2B3 /* DesignSystem.swift */,
				3D4A1BA02C5F7AC500F3E2B3 /* NavigationCard.swift */,
				3D4A1BA22C5F7AD100F3E2B3 /* StatItem.swift */,
				3D4A1BA42C5F7ADE00F3E2B3 /* IndustrialBackgroundViews.swift */,
				3D4A1BA62C5F7B1000F3E2B3 /* TeamsViewController.swift */,
				3D4A1BA82C5F7B1A00F3E2B3 /* TeamCard.swift */,
				00659AAD7E444446B1DB9B539DE9216A /* TeamDetailViewController.swift */,
				E2B60D5CE514427DA660A3D66F3DCF04 /* MessageView.swift */,
				25CD67441C2849C092B9FF72E3D013BA /* MessageInputView.swift */,
				5801F4E4750540CABC6C94EBB8DD0B79 /* ChallengeCard.swift */,
				382EA177BF544287894A2965A64DBEBA /* EventCard.swift */,
				756D64652432492F8611D7B8B43FC86E /* TeamDetailChatViewController.swift */,
				E052336717CE4E698348BD7D33E29F96 /* TeamDetailChallengesViewController.swift */,
				BCB683446B2F4C6397E096106C4813E9 /* TeamDetailEventsViewController.swift */,
				5CD455CE98D440A6BEFF739E6453EF03 /* TeamDetailHeaderView.swift */,
				8579AB0D8AC14317BA37877636217187 /* TeamDetailAboutSection.swift */,
				DDEEFF00112233445566778899AABBCC /* TeamDetailTabNavigation.swift */,
				FFEEDDCCBBAA99887766554433221100 /* EarningsViewController.swift */,
				0011FFEEDDCCBBAA998877665544332 /* WalletBalanceView.swift */,
				11002FFEEDDCCBBAA9988776655443 /* WalletActionButton.swift */,
				221100FFEEDDCCBBAA99887766554 /* TransactionCard.swift */,
				332211FFEEDDCCBBAA9988776655 /* TransactionHistoryView.swift */,
				4433221FFEEDDCCBBAA998877665 /* EarningsHeaderView.swift */,
				55443322FFEEDDCCBBAA99887766 /* WorkoutsViewController.swift */,
				6655443FFEEDDCCBBAA998877667 /* WorkoutTabNavigationView.swift */,
				77665544FFEEDDCCBBAA99887766 /* WorkoutCard.swift */,
				88776655FFEEDDCCBBAA99887765 /* WorkoutSyncSourceCard.swift */,
				99887766FFEEDDCCBBAA99887764 /* WorkoutSyncView.swift */,
				AABBCCDDEEFF001122334455663 /* WorkoutStatsView.swift */,
				BBCCDDEEFF001122334455662 /* WorkoutCoachView.swift */,
				COMP1111222233334444555566667777 /* CompetitionsViewController.swift */,
				COMP2222333344445555666677778888 /* CompetitionTabNavigationView.swift */,
				COMP3333444455556666777788889999 /* LeagueView.swift */,
				COMP4444555566667777888899990000 /* EventsView.swift */,
				COMP5555666677778888999900001111 /* LeaderboardItemView.swift */,
				COMP6666777788889999000011112222 /* StreakCardView.swift */,
				COMP7777888899990000111122223333 /* EventCardView.swift */,
				COMP8888999900001111222233334444 /* ChatMessageView.swift */,
				3D4A1B932C5F7A8F00F3E2B3 /* Assets.xcassets */,
				3D4A1B952C5F7A8F00F3E2B3 /* LaunchScreen.storyboard */,
				3D4A1B982C5F7A8F00F3E2B3 /* Info.plist */,
			);
			path = LevelFitness;
			sourceTree = "<group>";
		};
		CLUADE_MD /* CLAUDE.md */ = {
			isa = PBXFileReference;
			lastKnownFileType = net.daringfireball.markdown;
			path = CLAUDE.md;
			sourceTree = "<group>";
		};
/* End PBXGroup section */

/* Begin PBXNativeTarget section */
		3D4A1B882C5F7A8E00F3E2B3 /* LevelFitness */ = {
			isa = PBXNativeTarget;
			buildConfigurationList = 3D4A1B9B2C5F7A8F00F3E2B3 /* Build configuration list for PBXNativeTarget "LevelFitness" */;
			buildPhases = (
				3D4A1B852C5F7A8E00F3E2B3 /* Sources */,
				3D4A1B862C5F7A8E00F3E2B3 /* Frameworks */,
				3D4A1B872C5F7A8E00F3E2B3 /* Resources */,
			);
			buildRules = (
			);
			dependencies = (
			);
			name = LevelFitness;
			packageProductDependencies = (
			);
			productName = LevelFitness;
			productReference = 3D4A1B892C5F7A8E00F3E2B3 /* LevelFitness.app */;
			productType = "com.apple.product-type.application";
		};
/* End PBXNativeTarget section */

/* Begin PBXProject section */
		3D4A1B812C5F7A8E00F3E2B3 /* Project object */ = {
			isa = PBXProject;
			attributes = {
				BuildIndependentTargetsInParallel = 1;
				LastSwiftUpdateCheck = 1600;
				LastUpgradeCheck = 1600;
				TargetAttributes = {
					3D4A1B882C5F7A8E00F3E2B3 = {
						CreatedOnToolsVersion = 16.0;
					};
				};
			};
			buildConfigurationList = 3D4A1B842C5F7A8E00F3E2B3 /* Build configuration list for PBXProject "LevelFitness" */;
			developmentRegion = en;
			hasScannedForEncodings = 0;
			knownRegions = (
				en,
				Base,
			);
			mainGroup = 3D4A1B802C5F7A8E00F3E2B3;
			minimizedProjectReferenceProxies = 1;
			preferredProjectObjectVersion = 77;
			productRefGroup = 3D4A1B8A2C5F7A8E00F3E2B3 /* Products */;
			projectDirPath = "";
			projectRoot = "";
			targets = (
				3D4A1B882C5F7A8E00F3E2B3 /* LevelFitness */,
			);
		};
/* End PBXProject section */

/* Begin PBXResourcesBuildPhase section */
		3D4A1B872C5F7A8E00F3E2B3 /* Resources */ = {
			isa = PBXResourcesBuildPhase;
			buildActionMask = 2147483647;
			files = (
				3D4A1B942C5F7A8F00F3E2B3 /* Assets.xcassets in Resources */,
				3D4A1B972C5F7A8F00F3E2B3 /* LaunchScreen.storyboard in Resources */,
			);
			runOnlyForDeploymentPostprocessing = 0;
		};
/* End PBXResourcesBuildPhase section */

/* Begin PBXSourcesBuildPhase section */
		3D4A1B852C5F7A8E00F3E2B3 /* Sources */ = {
			isa = PBXSourcesBuildPhase;
			buildActionMask = 2147483647;
			files = (
				3D4A1B8F2C5F7A8E00F3E2B3 /* ViewController.swift in Sources */,
				3D4A1B9F2C5F7AB900F3E2B3 /* DesignSystem.swift in Sources */,
				3D4A1BA12C5F7AC500F3E2B3 /* NavigationCard.swift in Sources */,
				3D4A1BA32C5F7AD100F3E2B3 /* StatItem.swift in Sources */,
				3D4A1BA52C5F7ADE00F3E2B3 /* IndustrialBackgroundViews.swift in Sources */,
				3D4A1BA72C5F7B1000F3E2B3 /* TeamsViewController.swift in Sources */,
				3D4A1BA92C5F7B1A00F3E2B3 /* TeamCard.swift in Sources */,
				2117F3C2A3FC48ECBAB89A381C1E90F6 /* TeamDetailViewController.swift in Sources */,
				480C497EFA494A81B1628DF3EB7DDAD8 /* MessageView.swift in Sources */,
				CCFF508128234567B7DF292F3B2DDC10 /* MessageInputView.swift in Sources */,
				EE2A80B3C0B7449CA243D4333061A535 /* ChallengeCard.swift in Sources */,
				424939540FA242208280E808FB11D618 /* EventCard.swift in Sources */,
				136A03D2FFEC45DA932F5FD57E76081A /* TeamDetailChatViewController.swift in Sources */,
				51F169A39FA7430097A6BD5C49FA204B /* TeamDetailChallengesViewController.swift in Sources */,
				E87FF620924C4D69A271F8ED9EDC6202 /* TeamDetailEventsViewController.swift in Sources */,
				30721DCD95874D4C90D52A769E787456 /* TeamDetailHeaderView.swift in Sources */,
				CFF490A67D8A4DDEA14E79F24C6BBBD6 /* TeamDetailAboutSection.swift in Sources */,
				AABB11223344556677889900AABBCCDD /* TeamDetailTabNavigation.swift in Sources */,
				11223344556677889900AABBCCDDEEFF0 /* EarningsViewController.swift in Sources */,
				22334455667788990AABBCCDDEEFF001 /* WalletBalanceView.swift in Sources */,
				334455667788990AABBCCDDEEFF0011 /* WalletActionButton.swift in Sources */,
				4455667788990AABBCCDDEEFF001122 /* TransactionCard.swift in Sources */,
				55667788990AABBCCDDEEFF00112233 /* TransactionHistoryView.swift in Sources */,
				667788990AABBCCDDEEFF0011223344 /* EarningsHeaderView.swift in Sources */,
				7788990AABBCCDDEEFF001122334455 /* WorkoutsViewController.swift in Sources */,
				8899AABBCCDDEEFF00112233445566 /* WorkoutTabNavigationView.swift in Sources */,
				99AABBCCDDEEFF0011223344556677 /* WorkoutCard.swift in Sources */,
				AABBCCDDEEFF001122334455667788 /* WorkoutSyncSourceCard.swift in Sources */,
				BBCCDDEEFF00112233445566778899 /* WorkoutSyncView.swift in Sources */,
				CCDDEEFF0011223344556677889900 /* WorkoutStatsView.swift in Sources */,
				DDEEFF001122334455667788990011 /* WorkoutCoachView.swift in Sources */,
				COMP1122334455667788990011AABBCC /* CompetitionsViewController.swift in Sources */,
				COMP2233445566778899AABBCCDDEE00 /* CompetitionTabNavigationView.swift in Sources */,
				COMP334455667788990AABBCCDDEEFF /* LeagueView.swift in Sources */,
				COMP44556677889900AABBCCDDEEFF1 /* EventsView.swift in Sources */,
				COMP5566778899AABBCCDDEEFF0011 /* LeaderboardItemView.swift in Sources */,
				COMP667788990AABBCCDDEEFF00112 /* StreakCardView.swift in Sources */,
				COMP7788990AABBCCDDEEFF0011223 /* EventCardView.swift in Sources */,
				COMP8899AABBCCDDEEFF001122334 /* ChatMessageView.swift in Sources */,
				3D4A1B8D2C5F7A8E00F3E2B3 /* AppDelegate.swift in Sources */,
				LOGIN123456789ABCDEF123456789012 /* LoginViewController.swift in Sources */,
			);
			runOnlyForDeploymentPostprocessing = 0;
		};
/* End PBXSourcesBuildPhase section */

/* Begin PBXVariantGroup section */
		3D4A1B952C5F7A8F00F3E2B3 /* LaunchScreen.storyboard */ = {
			isa = PBXVariantGroup;
			children = (
				3D4A1B962C5F7A8F00F3E2B3 /* Base */,
			);
			name = LaunchScreen.storyboard;
			sourceTree = "<group>";
		};
/* End PBXVariantGroup section */

/* Begin XCBuildConfiguration section */
		3D4A1B992C5F7A8F00F3E2B3 /* Debug */ = {
			isa = XCBuildConfiguration;
			buildSettings = {
				ALWAYS_SEARCH_USER_PATHS = NO;
				ASSETCATALOG_COMPILER_GENERATE_SWIFT_ASSET_SYMBOL_EXTENSIONS = YES;
				CLANG_ANALYZER_NONNULL = YES;
				CLANG_ANALYZER_NUMBER_OBJECT_CONVERSION = YES_AGGRESSIVE;
				CLANG_CXX_LANGUAGE_STANDARD = "gnu++20";
				CLANG_ENABLE_MODULES = YES;
				CLANG_ENABLE_OBJC_ARC = YES;
				CLANG_ENABLE_OBJC_WEAK = YES;
				CLANG_WARN_BLOCK_CAPTURE_AUTORELEASING = YES;
				CLANG_WARN_BOOL_CONVERSION = YES;
				CLANG_WARN_COMMA = YES;
				CLANG_WARN_CONSTANT_CONVERSION = YES;
				CLANG_WARN_DEPRECATED_OBJC_IMPLEMENTATIONS = YES;
				CLANG_WARN_DIRECT_OBJC_ISA_USAGE = YES_ERROR;
				CLANG_WARN_DOCUMENTATION_COMMENTS = YES;
				CLANG_WARN_EMPTY_BODY = YES;
				CLANG_WARN_ENUM_CONVERSION = YES;
				CLANG_WARN_INFINITE_RECURSION = YES;
				CLANG_WARN_INT_CONVERSION = YES;
				CLANG_WARN_NON_LITERAL_NULL_CONVERSION = YES;
				CLANG_WARN_OBJC_IMPLICIT_RETAIN_SELF = YES;
				CLANG_WARN_OBJC_LITERAL_CONVERSION = YES;
				CLANG_WARN_OBJC_ROOT_CLASS = YES_ERROR;
				CLANG_WARN_QUOTED_INCLUDE_IN_FRAMEWORK_HEADER = YES;
				CLANG_WARN_RANGE_LOOP_ANALYSIS = YES;
				CLANG_WARN_STRICT_PROTOTYPES = YES;
				CLANG_WARN_SUSPICIOUS_MOVE = YES;
				CLANG_WARN_UNGUARDED_AVAILABILITY = YES_AGGRESSIVE;
				CLANG_WARN_UNREACHABLE_CODE = YES;
				CLANG_WARN__DUPLICATE_METHOD_MATCH = YES;
				COPY_PHASE_STRIP = NO;
				DEBUG_INFORMATION_FORMAT = dwarf;
				ENABLE_STRICT_OBJC_MSGSEND = YES;
				ENABLE_TESTABILITY = YES;
				ENABLE_USER_SCRIPT_SANDBOXING = YES;
				GCC_C_LANGUAGE_STANDARD = gnu17;
				GCC_DYNAMIC_NO_PIC = NO;
				GCC_NO_COMMON_BLOCKS = YES;
				GCC_OPTIMIZATION_LEVEL = 0;
				GCC_PREPROCESSOR_DEFINITIONS = (
					"DEBUG=1",
					"$(inherited)",
				);
				GCC_WARN_64_TO_32_BIT_CONVERSION = YES;
				GCC_WARN_ABOUT_RETURN_TYPE = YES_ERROR;
				GCC_WARN_UNDECLARED_SELECTOR = YES;
				GCC_WARN_UNINITIALIZED_AUTOS = YES_AGGRESSIVE;
				GCC_WARN_UNUSED_FUNCTION = YES;
				GCC_WARN_UNUSED_VARIABLE = YES;
				IPHONEOS_DEPLOYMENT_TARGET = 18.5;
				LOCALIZATION_PREFERS_STRING_CATALOGS = YES;
				MTL_ENABLE_DEBUG_INFO = INCLUDE_SOURCE;
				MTL_FAST_MATH = YES;
				ONLY_ACTIVE_ARCH = YES;
				SDKROOT = iphoneos;
				SWIFT_ACTIVE_COMPILATION_CONDITIONS = "DEBUG $(inherited)";
				SWIFT_OPTIMIZATION_LEVEL = "-Onone";
			};
			name = Debug;
		};
		3D4A1B9A2C5F7A8F00F3E2B3 /* Release */ = {
			isa = XCBuildConfiguration;
			buildSettings = {
				ALWAYS_SEARCH_USER_PATHS = NO;
				ASSETCATALOG_COMPILER_GENERATE_SWIFT_ASSET_SYMBOL_EXTENSIONS = YES;
				CLANG_ANALYZER_NONNULL = YES;
				CLANG_ANALYZER_NUMBER_OBJECT_CONVERSION = YES_AGGRESSIVE;
				CLANG_CXX_LANGUAGE_STANDARD = "gnu++20";
				CLANG_ENABLE_MODULES = YES;
				CLANG_ENABLE_OBJC_ARC = YES;
				CLANG_ENABLE_OBJC_WEAK = YES;
				CLANG_WARN_BLOCK_CAPTURE_AUTORELEASING = YES;
				CLANG_WARN_BOOL_CONVERSION = YES;
				CLANG_WARN_COMMA = YES;
				CLANG_WARN_CONSTANT_CONVERSION = YES;
				CLANG_WARN_DEPRECATED_OBJC_IMPLEMENTATIONS = YES;
				CLANG_WARN_DIRECT_OBJC_ISA_USAGE = YES_ERROR;
				CLANG_WARN_DOCUMENTATION_COMMENTS = YES;
				CLANG_WARN_EMPTY_BODY = YES;
				CLANG_WARN_ENUM_CONVERSION = YES;
				CLANG_WARN_INFINITE_RECURSION = YES;
				CLANG_WARN_INT_CONVERSION = YES;
				CLANG_WARN_NON_LITERAL_NULL_CONVERSION = YES;
				CLANG_WARN_OBJC_IMPLICIT_RETAIN_SELF = YES;
				CLANG_WARN_OBJC_LITERAL_CONVERSION = YES;
				CLANG_WARN_OBJC_ROOT_CLASS = YES_ERROR;
				CLANG_WARN_QUOTED_INCLUDE_IN_FRAMEWORK_HEADER = YES;
				CLANG_WARN_RANGE_LOOP_ANALYSIS = YES;
				CLANG_WARN_STRICT_PROTOTYPES = YES;
				CLANG_WARN_SUSPICIOUS_MOVE = YES;
				CLANG_WARN_UNGUARDED_AVAILABILITY = YES_AGGRESSIVE;
				CLANG_WARN_UNREACHABLE_CODE = YES;
				CLANG_WARN__DUPLICATE_METHOD_MATCH = YES;
				COPY_PHASE_STRIP = NO;
				DEBUG_INFORMATION_FORMAT = "dwarf-with-dsym";
				ENABLE_NS_ASSERTIONS = NO;
				ENABLE_STRICT_OBJC_MSGSEND = YES;
				ENABLE_USER_SCRIPT_SANDBOXING = YES;
				GCC_C_LANGUAGE_STANDARD = gnu17;
				GCC_NO_COMMON_BLOCKS = YES;
				GCC_WARN_64_TO_32_BIT_CONVERSION = YES;
				GCC_WARN_ABOUT_RETURN_TYPE = YES_ERROR;
				GCC_WARN_UNDECLARED_SELECTOR = YES;
				GCC_WARN_UNINITIALIZED_AUTOS = YES_AGGRESSIVE;
				GCC_WARN_UNUSED_FUNCTION = YES;
				GCC_WARN_UNUSED_VARIABLE = YES;
				IPHONEOS_DEPLOYMENT_TARGET = 18.5;
				LOCALIZATION_PREFERS_STRING_CATALOGS = YES;
				MTL_ENABLE_DEBUG_INFO = NO;
				MTL_FAST_MATH = YES;
				SDKROOT = iphoneos;
				SWIFT_COMPILATION_MODE = wholemodule;
				VALIDATE_PRODUCT = YES;
			};
			name = Release;
		};
		3D4A1B9C2C5F7A8F00F3E2B3 /* Debug */ = {
			isa = XCBuildConfiguration;
			buildSettings = {
				ASSETCATALOG_COMPILER_APPICON_NAME = AppIcon;
				ASSETCATALOG_COMPILER_GLOBAL_ACCENT_COLOR_NAME = AccentColor;
				CODE_SIGN_STYLE = Automatic;
				CURRENT_PROJECT_VERSION = 1;
				DEVELOPMENT_TEAM = SF8967F5M9;
				GENERATE_INFOPLIST_FILE = YES;
				INFOPLIST_FILE = LevelFitness/Info.plist;
				INFOPLIST_KEY_UIApplicationSupportsIndirectInputEvents = YES;
				INFOPLIST_KEY_UILaunchStoryboardName = LaunchScreen;
				INFOPLIST_KEY_UISupportedInterfaceOrientations_iPad = "UIInterfaceOrientationPortrait UIInterfaceOrientationPortraitUpsideDown UIInterfaceOrientationLandscapeLeft UIInterfaceOrientationLandscapeRight";
				INFOPLIST_KEY_UISupportedInterfaceOrientations_iPhone = "UIInterfaceOrientationPortrait UIInterfaceOrientationLandscapeLeft UIInterfaceOrientationLandscapeRight";
				IPHONEOS_DEPLOYMENT_TARGET = 15.0;
				LD_RUNPATH_SEARCH_PATHS = (
					"$(inherited)",
					"@executable_path/Frameworks",
				);
				MARKETING_VERSION = 1.0;
				PRODUCT_BUNDLE_IDENTIFIER = "com.levelfitness.LevelFitness";
				PRODUCT_NAME = "$(TARGET_NAME)";
				SWIFT_EMIT_LOC_STRINGS = YES;
				SWIFT_VERSION = 5.0;
				TARGETED_DEVICE_FAMILY = "1,2";
			};
			name = Debug;
		};
		3D4A1B9D2C5F7A8F00F3E2B3 /* Release */ = {
			isa = XCBuildConfiguration;
			buildSettings = {
				ASSETCATALOG_COMPILER_APPICON_NAME = AppIcon;
				ASSETCATALOG_COMPILER_GLOBAL_ACCENT_COLOR_NAME = AccentColor;
				CODE_SIGN_STYLE = Automatic;
				CURRENT_PROJECT_VERSION = 1;
				DEVELOPMENT_TEAM = SF8967F5M9;
				GENERATE_INFOPLIST_FILE = YES;
				INFOPLIST_FILE = LevelFitness/Info.plist;
				INFOPLIST_KEY_UIApplicationSupportsIndirectInputEvents = YES;
				INFOPLIST_KEY_UILaunchStoryboardName = LaunchScreen;
				INFOPLIST_KEY_UISupportedInterfaceOrientations_iPad = "UIInterfaceOrientationPortrait UIInterfaceOrientationPortraitUpsideDown UIInterfaceOrientationLandscapeLeft UIInterfaceOrientationLandscapeRight";
				INFOPLIST_KEY_UISupportedInterfaceOrientations_iPhone = "UIInterfaceOrientationPortrait UIInterfaceOrientationLandscapeLeft UIInterfaceOrientationLandscapeRight";
				IPHONEOS_DEPLOYMENT_TARGET = 15.0;
				LD_RUNPATH_SEARCH_PATHS = (
					"$(inherited)",
					"@executable_path/Frameworks",
				);
				MARKETING_VERSION = 1.0;
				PRODUCT_BUNDLE_IDENTIFIER = "com.levelfitness.LevelFitness";
				PRODUCT_NAME = "$(TARGET_NAME)";
				SWIFT_EMIT_LOC_STRINGS = YES;
				SWIFT_VERSION = 5.0;
				TARGETED_DEVICE_FAMILY = "1,2";
			};
			name = Release;
		};
/* End XCBuildConfiguration section */

/* Begin XCConfigurationList section */
		3D4A1B842C5F7A8E00F3E2B3 /* Build configuration list for PBXProject "LevelFitness" */ = {
			isa = XCConfigurationList;
			buildConfigurations = (
				3D4A1B992C5F7A8F00F3E2B3 /* Debug */,
				3D4A1B9A2C5F7A8F00F3E2B3 /* Release */,
			);
			defaultConfigurationIsVisible = 0;
			defaultConfigurationName = Release;
		};
		3D4A1B9B2C5F7A8F00F3E2B3 /* Build configuration list for PBXNativeTarget "LevelFitness" */ = {
			isa = XCConfigurationList;
			buildConfigurations = (
				3D4A1B9C2C5F7A8F00F3E2B3 /* Debug */,
				3D4A1B9D2C5F7A8F00F3E2B3 /* Release */,
			);
			defaultConfigurationIsVisible = 0;
			defaultConfigurationName = Release;
		};
/* End XCConfigurationList section */
	};
	rootObject = 3D4A1B812C5F7A8E00F3E2B3 /* Project object */;
}